// !$*UTF8*$!
{
	archiveVersion = 1;
	classes = {
	};
	objectVersion = 50;
	objects = {

/* Begin PBXBuildFile section */
		1813CEFF2202E0B00081B1AB /* TestAnimationViewController.m in Sources */ = {isa = PBXBuildFile; fileRef = 1813CEFE2202E0B00081B1AB /* TestAnimationViewController.m */; };
		1813CF032202E2380081B1AB /* JYLoginManager.m in Sources */ = {isa = PBXBuildFile; fileRef = 1813CF022202E2380081B1AB /* JYLoginManager.m */; };
		1813CF062202E9AB0081B1AB /* JYUserInfoModel.m in Sources */ = {isa = PBXBuildFile; fileRef = 1813CF052202E9AB0081B1AB /* JYUserInfoModel.m */; };
		1813CF092202F3740081B1AB /* TestView.m in Sources */ = {isa = PBXBuildFile; fileRef = 1813CF082202F3740081B1AB /* TestView.m */; };
		182CF5802237ADCF0000E5BD /* NSMutableAttributedString+JYTool.m in Sources */ = {isa = PBXBuildFile; fileRef = 182CF57F2237ADCF0000E5BD /* NSMutableAttributedString+JYTool.m */; };
		182CF5832237B0860000E5BD /* UITextView+JYStyle.m in Sources */ = {isa = PBXBuildFile; fileRef = 182CF5822237B0860000E5BD /* UITextView+JYStyle.m */; };
		182CF5862237B1D70000E5BD /* TestTextViewViewController.m in Sources */ = {isa = PBXBuildFile; fileRef = 182CF5852237B1D70000E5BD /* TestTextViewViewController.m */; };
		1838163F2227BB7100FD89E0 /* UIView+JYLayerEdit.m in Sources */ = {isa = PBXBuildFile; fileRef = 1838163D2227BB7000FD89E0 /* UIView+JYLayerEdit.m */; };
		183816402227BB7100FD89E0 /* UIButton+JYStyle.m in Sources */ = {isa = PBXBuildFile; fileRef = 1838163E2227BB7100FD89E0 /* UIButton+JYStyle.m */; };
		183816432227C10600FD89E0 /* UILabel+JYStyle.m in Sources */ = {isa = PBXBuildFile; fileRef = 183816422227C10600FD89E0 /* UILabel+JYStyle.m */; };
		183816462227C8E400FD89E0 /* UIView+JYStyle.m in Sources */ = {isa = PBXBuildFile; fileRef = 183816452227C8E400FD89E0 /* UIView+JYStyle.m */; };
		184B4948222E20180072BBAF /* JYTeacherHistoryViewController.m in Sources */ = {isa = PBXBuildFile; fileRef = 184B4947222E20180072BBAF /* JYTeacherHistoryViewController.m */; };
		184B494B222E244C0072BBAF /* JYCommentListViewController.m in Sources */ = {isa = PBXBuildFile; fileRef = 184B494A222E244C0072BBAF /* JYCommentListViewController.m */; };
		184B494E222E255B0072BBAF /* JYCommentListViewModel.m in Sources */ = {isa = PBXBuildFile; fileRef = 184B494D222E255B0072BBAF /* JYCommentListViewModel.m */; };
		184B4951222E2AC60072BBAF /* 已点赞@2x.png in Resources */ = {isa = PBXBuildFile; fileRef = 184B494F222E2AC60072BBAF /* 已点赞@2x.png */; };
		184B4952222E2AC60072BBAF /* 已点赞@3x.png in Resources */ = {isa = PBXBuildFile; fileRef = 184B4950222E2AC60072BBAF /* 已点赞@3x.png */; };
		184B4955222E43710072BBAF /* JYHtmlTableViewCell.m in Sources */ = {isa = PBXBuildFile; fileRef = 184B4954222E43710072BBAF /* JYHtmlTableViewCell.m */; };
		184B4958222E50D20072BBAF /* JYTeacherListViewController.m in Sources */ = {isa = PBXBuildFile; fileRef = 184B4957222E50D20072BBAF /* JYTeacherListViewController.m */; };
		184B495B222E549E0072BBAF /* JYTeacherListViewModel.m in Sources */ = {isa = PBXBuildFile; fileRef = 184B495A222E549E0072BBAF /* JYTeacherListViewModel.m */; };
		184B495E222E56310072BBAF /* JYTeacherListTableViewCell.m in Sources */ = {isa = PBXBuildFile; fileRef = 184B495D222E56310072BBAF /* JYTeacherListTableViewCell.m */; };
		184B4961222E60F30072BBAF /* JYMarkView.m in Sources */ = {isa = PBXBuildFile; fileRef = 184B4960222E60F30072BBAF /* JYMarkView.m */; };
		184B4964222E6A2D0072BBAF /* JYSearchZxViewController.m in Sources */ = {isa = PBXBuildFile; fileRef = 184B4963222E6A2D0072BBAF /* JYSearchZxViewController.m */; };
		184B4967222E6C760072BBAF /* JYSoonAskTableViewCell.m in Sources */ = {isa = PBXBuildFile; fileRef = 184B4966222E6C760072BBAF /* JYSoonAskTableViewCell.m */; };
		184B496A222E6DCD0072BBAF /* JYSearchTipTableViewCell.m in Sources */ = {isa = PBXBuildFile; fileRef = 184B4969222E6DCD0072BBAF /* JYSearchTipTableViewCell.m */; };
		184B496D222E6E090072BBAF /* JYSearchTypeTableViewCell.m in Sources */ = {isa = PBXBuildFile; fileRef = 184B496C222E6E090072BBAF /* JYSearchTypeTableViewCell.m */; };
		184B4970222E6E480072BBAF /* JYTipView.m in Sources */ = {isa = PBXBuildFile; fileRef = 184B496F222E6E480072BBAF /* JYTipView.m */; };
		184B4973222E7AB80072BBAF /* JYNoZxViewController.m in Sources */ = {isa = PBXBuildFile; fileRef = 184B4972222E7AB80072BBAF /* JYNoZxViewController.m */; };
		184D701A2230B9F30050A01D /* JYTestDataManager.m in Sources */ = {isa = PBXBuildFile; fileRef = 184D70182230B9F30050A01D /* JYTestDataManager.m */; };
		184D701D2230FD060050A01D /* JYBaseModel.m in Sources */ = {isa = PBXBuildFile; fileRef = 184D701C2230FD060050A01D /* JYBaseModel.m */; };
		184D7020223118C60050A01D /* JYSearchZxViewModel.m in Sources */ = {isa = PBXBuildFile; fileRef = 184D701F223118C60050A01D /* JYSearchZxViewModel.m */; };
		184D70232231196A0050A01D /* JYTeacherTypeModel.m in Sources */ = {isa = PBXBuildFile; fileRef = 184D70222231196A0050A01D /* JYTeacherTypeModel.m */; };
		185280BC222F6C07006DE84A /* JYNavView.m in Sources */ = {isa = PBXBuildFile; fileRef = 185280BB222F6C07006DE84A /* JYNavView.m */; };
		185280BF222F794E006DE84A /* NSString+JYTool.m in Sources */ = {isa = PBXBuildFile; fileRef = 185280BE222F794E006DE84A /* NSString+JYTool.m */; };
		185280C2222FB9A5006DE84A /* JYCommentModel.m in Sources */ = {isa = PBXBuildFile; fileRef = 185280C1222FB9A4006DE84A /* JYCommentModel.m */; };
		185280C5222FC486006DE84A /* UITableView+JYTool.m in Sources */ = {isa = PBXBuildFile; fileRef = 185280C4222FC486006DE84A /* UITableView+JYTool.m */; };
		18540674223271A10032E06F /* CustomRefreshGifFooter.m in Sources */ = {isa = PBXBuildFile; fileRef = 18540672223271A00032E06F /* CustomRefreshGifFooter.m */; };
		18540675223271A10032E06F /* CustomRefreshGifHeader.m in Sources */ = {isa = PBXBuildFile; fileRef = 18540673223271A00032E06F /* CustomRefreshGifHeader.m */; };
		185D2B8B222518890097AE18 /* JYTeacherInfoViewController.m in Sources */ = {isa = PBXBuildFile; fileRef = 185D2B8A222518890097AE18 /* JYTeacherInfoViewController.m */; };
		18609B55222CC1EB004E6BDB /* 提问老师@3x.png in Resources */ = {isa = PBXBuildFile; fileRef = 18609B51222CC1EB004E6BDB /* 提问老师@3x.png */; };
		18609B56222CC1EB004E6BDB /* 提问老师@2x.png in Resources */ = {isa = PBXBuildFile; fileRef = 18609B52222CC1EB004E6BDB /* 提问老师@2x.png */; };
		18609B57222CC1EB004E6BDB /* 客服@3x.png in Resources */ = {isa = PBXBuildFile; fileRef = 18609B53222CC1EB004E6BDB /* 客服@3x.png */; };
		18609B58222CC1EB004E6BDB /* 客服@2x.png in Resources */ = {isa = PBXBuildFile; fileRef = 18609B54222CC1EB004E6BDB /* 客服@2x.png */; };
		18609B5B222CC2A5004E6BDB /* 暂无咨询图片@2x.png in Resources */ = {isa = PBXBuildFile; fileRef = 18609B59222CC2A5004E6BDB /* 暂无咨询图片@2x.png */; };
		18609B5C222CC2A5004E6BDB /* 暂无咨询图片@3x.png in Resources */ = {isa = PBXBuildFile; fileRef = 18609B5A222CC2A5004E6BDB /* 暂无咨询图片@3x.png */; };
		18609B68222CC2D2004E6BDB /* 选科志愿升学@2x.png in Resources */ = {isa = PBXBuildFile; fileRef = 18609B5D222CC2D1004E6BDB /* 选科志愿升学@2x.png */; };
		18609B69222CC2D2004E6BDB /* 咨询方式@3x.png in Resources */ = {isa = PBXBuildFile; fileRef = 18609B5E222CC2D2004E6BDB /* 咨询方式@3x.png */; };
		18609B6A222CC2D2004E6BDB /* 亲子关系@3x.png in Resources */ = {isa = PBXBuildFile; fileRef = 18609B5F222CC2D2004E6BDB /* 亲子关系@3x.png */; };
		18609B6B222CC2D2004E6BDB /* 表情@2x.png in Resources */ = {isa = PBXBuildFile; fileRef = 18609B60222CC2D2004E6BDB /* 表情@2x.png */; };
		18609B6C222CC2D2004E6BDB /* 孩子未来@2x.png in Resources */ = {isa = PBXBuildFile; fileRef = 18609B61222CC2D2004E6BDB /* 孩子未来@2x.png */; };
		18609B6D222CC2D2004E6BDB /* 亲子关系@2x.png in Resources */ = {isa = PBXBuildFile; fileRef = 18609B62222CC2D2004E6BDB /* 亲子关系@2x.png */; };
		18609B6E222CC2D2004E6BDB /* 孩子未来@3x.png in Resources */ = {isa = PBXBuildFile; fileRef = 18609B63222CC2D2004E6BDB /* 孩子未来@3x.png */; };
		18609B6F222CC2D2004E6BDB /* 提升成绩@3x.png in Resources */ = {isa = PBXBuildFile; fileRef = 18609B64222CC2D2004E6BDB /* 提升成绩@3x.png */; };
		18609B70222CC2D2004E6BDB /* 咨询方式@2x.png in Resources */ = {isa = PBXBuildFile; fileRef = 18609B65222CC2D2004E6BDB /* 咨询方式@2x.png */; };
		18609B71222CC2D2004E6BDB /* 提升成绩@2x.png in Resources */ = {isa = PBXBuildFile; fileRef = 18609B66222CC2D2004E6BDB /* 提升成绩@2x.png */; };
		18609B72222CC2D2004E6BDB /* 选科志愿升学@3x.png in Resources */ = {isa = PBXBuildFile; fileRef = 18609B67222CC2D2004E6BDB /* 选科志愿升学@3x.png */; };
		18609B75222CC3A3004E6BDB /* JYPointView.m in Sources */ = {isa = PBXBuildFile; fileRef = 18609B74222CC3A3004E6BDB /* JYPointView.m */; };
		18609B7A222CD668004E6BDB /* JYTeacherInfoViewModel.m in Sources */ = {isa = PBXBuildFile; fileRef = 18609B79222CD668004E6BDB /* JYTeacherInfoViewModel.m */; };
		18609B81222CD97A004E6BDB /* 返回-黑-视频文章@2x.png in Resources */ = {isa = PBXBuildFile; fileRef = 18609B7B222CD97A004E6BDB /* 返回-黑-视频文章@2x.png */; };
		18609B82222CD97A004E6BDB /* 返回-黑-视频文章@3x.png in Resources */ = {isa = PBXBuildFile; fileRef = 18609B7C222CD97A004E6BDB /* 返回-黑-视频文章@3x.png */; };
		18609B83222CD97A004E6BDB /* 分享-黑色-视频文章@3x.png in Resources */ = {isa = PBXBuildFile; fileRef = 18609B7D222CD97A004E6BDB /* 分享-黑色-视频文章@3x.png */; };
		18609B84222CD97A004E6BDB /* 分享-文章视频@3x.png in Resources */ = {isa = PBXBuildFile; fileRef = 18609B7E222CD97A004E6BDB /* 分享-文章视频@3x.png */; };
		18609B85222CD97A004E6BDB /* 分享-黑色-视频文章@2x.png in Resources */ = {isa = PBXBuildFile; fileRef = 18609B7F222CD97A004E6BDB /* 分享-黑色-视频文章@2x.png */; };
		18609B86222CD97A004E6BDB /* 分享-文章视频@2x.png in Resources */ = {isa = PBXBuildFile; fileRef = 18609B80222CD97A004E6BDB /* 分享-文章视频@2x.png */; };
		18609B89222CF9B6004E6BDB /* 返回-视频文章@2x.png in Resources */ = {isa = PBXBuildFile; fileRef = 18609B87222CF9B6004E6BDB /* 返回-视频文章@2x.png */; };
		18609B8A222CF9B6004E6BDB /* 返回-视频文章@3x.png in Resources */ = {isa = PBXBuildFile; fileRef = 18609B88222CF9B6004E6BDB /* 返回-视频文章@3x.png */; };
		18609B8D222CFDF7004E6BDB /* UIImage+JYEdit.m in Sources */ = {isa = PBXBuildFile; fileRef = 18609B8C222CFDF7004E6BDB /* UIImage+JYEdit.m */; };
		18609B90222D06A7004E6BDB /* JYTeacherInfoModel.m in Sources */ = {isa = PBXBuildFile; fileRef = 18609B8F222D06A7004E6BDB /* JYTeacherInfoModel.m */; };
		18609B96222D0CD3004E6BDB /* JYBigTitleView.m in Sources */ = {isa = PBXBuildFile; fileRef = 18609B95222D0CD3004E6BDB /* JYBigTitleView.m */; };
		18609B99222D0E06004E6BDB /* JYTitleView.m in Sources */ = {isa = PBXBuildFile; fileRef = 18609B98222D0E06004E6BDB /* JYTitleView.m */; };
		18609B9C222D0E98004E6BDB /* JYBigTitleTableViewCell.m in Sources */ = {isa = PBXBuildFile; fileRef = 18609B9B222D0E98004E6BDB /* JYBigTitleTableViewCell.m */; };
		18609B9F222D0EB1004E6BDB /* JYJobTableViewCell.m in Sources */ = {isa = PBXBuildFile; fileRef = 18609B9E222D0EB1004E6BDB /* JYJobTableViewCell.m */; };
		18609BA2222D0EC2004E6BDB /* JYGoodAtTableViewCell.m in Sources */ = {isa = PBXBuildFile; fileRef = 18609BA1222D0EC2004E6BDB /* JYGoodAtTableViewCell.m */; };
		18609BA5222D0EEC004E6BDB /* JYHistoryTableViewCell.m in Sources */ = {isa = PBXBuildFile; fileRef = 18609BA4222D0EEC004E6BDB /* JYHistoryTableViewCell.m */; };
		18609BA8222D0F36004E6BDB /* JYTitleTableViewCell.m in Sources */ = {isa = PBXBuildFile; fileRef = 18609BA7222D0F36004E6BDB /* JYTitleTableViewCell.m */; };
		18609BAB222D0F4D004E6BDB /* JYTeacherSayTableViewCell.m in Sources */ = {isa = PBXBuildFile; fileRef = 18609BAA222D0F4D004E6BDB /* JYTeacherSayTableViewCell.m */; };
		18609BAE222D0F5F004E6BDB /* JYZxWayTableViewCell.m in Sources */ = {isa = PBXBuildFile; fileRef = 18609BAD222D0F5F004E6BDB /* JYZxWayTableViewCell.m */; };
		18609BB1222D0FEC004E6BDB /* JYCommentTableViewCell.m in Sources */ = {isa = PBXBuildFile; fileRef = 18609BB0222D0FEC004E6BDB /* JYCommentTableViewCell.m */; };
		18609BB4222D1240004E6BDB /* 查看更多箭头@3x.png in Resources */ = {isa = PBXBuildFile; fileRef = 18609BB2222D123F004E6BDB /* 查看更多箭头@3x.png */; };
		18609BB5222D1240004E6BDB /* 查看更多箭头@2x.png in Resources */ = {isa = PBXBuildFile; fileRef = 18609BB3222D123F004E6BDB /* 查看更多箭头@2x.png */; };
		18609BB8222D2C33004E6BDB /* JYImgTableViewCell.m in Sources */ = {isa = PBXBuildFile; fileRef = 18609BB7222D2C33004E6BDB /* JYImgTableViewCell.m */; };
		18FC9DDB21A55DF300FC6544 /* AppDelegate.m in Sources */ = {isa = PBXBuildFile; fileRef = 18FC9DDA21A55DF300FC6544 /* AppDelegate.m */; };
		18FC9DDE21A55DF300FC6544 /* ViewController.m in Sources */ = {isa = PBXBuildFile; fileRef = 18FC9DDD21A55DF300FC6544 /* ViewController.m */; };
		18FC9DE121A55DF300FC6544 /* Main.storyboard in Resources */ = {isa = PBXBuildFile; fileRef = 18FC9DDF21A55DF300FC6544 /* Main.storyboard */; };
		18FC9DE321A55DF600FC6544 /* Assets.xcassets in Resources */ = {isa = PBXBuildFile; fileRef = 18FC9DE221A55DF600FC6544 /* Assets.xcassets */; };
		18FC9DE621A55DF600FC6544 /* LaunchScreen.storyboard in Resources */ = {isa = PBXBuildFile; fileRef = 18FC9DE421A55DF600FC6544 /* LaunchScreen.storyboard */; };
		18FC9DE921A55DF600FC6544 /* main.m in Sources */ = {isa = PBXBuildFile; fileRef = 18FC9DE821A55DF600FC6544 /* main.m */; };
		18FC9E3D21A55E1C00FC6544 /* JYBaseTabBarController.m in Sources */ = {isa = PBXBuildFile; fileRef = 18FC9DF121A55E1C00FC6544 /* JYBaseTabBarController.m */; };
		18FC9E3E21A55E1C00FC6544 /* DDExNoDataView.m in Sources */ = {isa = PBXBuildFile; fileRef = 18FC9DF321A55E1C00FC6544 /* DDExNoDataView.m */; };
		18FC9E4021A55E1C00FC6544 /* DDRequestManager.m in Sources */ = {isa = PBXBuildFile; fileRef = 18FC9DF621A55E1C00FC6544 /* DDRequestManager.m */; };
		18FC9E4121A55E1C00FC6544 /* customLabel.m in Sources */ = {isa = PBXBuildFile; fileRef = 18FC9DFA21A55E1C00FC6544 /* customLabel.m */; };
		18FC9E4921A55E1C00FC6544 /* UIView+shotMethod.m in Sources */ = {isa = PBXBuildFile; fileRef = 18FC9E0D21A55E1C00FC6544 /* UIView+shotMethod.m */; };
		18FC9E4A21A55E1C00FC6544 /* UIView+cornerRadius.m in Sources */ = {isa = PBXBuildFile; fileRef = 18FC9E0E21A55E1C00FC6544 /* UIView+cornerRadius.m */; };
		18FC9E4B21A55E1C00FC6544 /* NSTimer+block.m in Sources */ = {isa = PBXBuildFile; fileRef = 18FC9E1021A55E1C00FC6544 /* NSTimer+block.m */; };
		18FC9E4C21A55E1C00FC6544 /* UITextView+placeHolder.m in Sources */ = {isa = PBXBuildFile; fileRef = 18FC9E1321A55E1C00FC6544 /* UITextView+placeHolder.m */; };
		18FC9E4D21A55E1C00FC6544 /* NSString+AttributedString.m in Sources */ = {isa = PBXBuildFile; fileRef = 18FC9E1D21A55E1C00FC6544 /* NSString+AttributedString.m */; };
		18FC9E4E21A55E1C00FC6544 /* NSString+MD5.m in Sources */ = {isa = PBXBuildFile; fileRef = 18FC9E1E21A55E1C00FC6544 /* NSString+MD5.m */; };
		18FC9E5121A55E1C00FC6544 /* UITextField+NLLimit.m in Sources */ = {isa = PBXBuildFile; fileRef = 18FC9E2521A55E1C00FC6544 /* UITextField+NLLimit.m */; };
		18FC9E5221A55E1C00FC6544 /* Tools.m in Sources */ = {isa = PBXBuildFile; fileRef = 18FC9E2821A55E1C00FC6544 /* Tools.m */; };
		18FC9E5321A55E1C00FC6544 /* UIView+JYExFrame.m in Sources */ = {isa = PBXBuildFile; fileRef = 18FC9E2D21A55E1C00FC6544 /* UIView+JYExFrame.m */; };
		18FC9E5421A55E1C00FC6544 /* JYBaseViewModel.m in Sources */ = {isa = PBXBuildFile; fileRef = 18FC9E2E21A55E1C00FC6544 /* JYBaseViewModel.m */; };
		18FC9E5721A55E1C00FC6544 /* BSUtility.m in Sources */ = {isa = PBXBuildFile; fileRef = 18FC9E3621A55E1C00FC6544 /* BSUtility.m */; };
		18FC9E5821A55E1C00FC6544 /* DDScrollView.m in Sources */ = {isa = PBXBuildFile; fileRef = 18FC9E3821A55E1C00FC6544 /* DDScrollView.m */; };
		18FC9E5921A55E1C00FC6544 /* TabViewControllerManager.m in Sources */ = {isa = PBXBuildFile; fileRef = 18FC9E3921A55E1C00FC6544 /* TabViewControllerManager.m */; };
		18FC9E5A21A55E1C00FC6544 /* DDExDialogView.m in Sources */ = {isa = PBXBuildFile; fileRef = 18FC9E3A21A55E1C00FC6544 /* DDExDialogView.m */; };
		18FC9E5B21A55E1C00FC6544 /* JYAbstractTableViewCell.m in Sources */ = {isa = PBXBuildFile; fileRef = 18FC9E3B21A55E1C00FC6544 /* JYAbstractTableViewCell.m */; };
		18FC9E5F21A55FC300FC6544 /* VCManager.m in Sources */ = {isa = PBXBuildFile; fileRef = 18FC9E5E21A55FC300FC6544 /* VCManager.m */; };
		18FC9E8F21A567FF00FC6544 /* Images.xcassets in Resources */ = {isa = PBXBuildFile; fileRef = 18FC9E8E21A567FF00FC6544 /* Images.xcassets */; };
		C6B6F2CBA95A404765FA9BE5 /* libPods-TestVCDemoPT.a in Frameworks */ = {isa = PBXBuildFile; fileRef = 6035A9F3F196F49D4D17A13C /* libPods-TestVCDemoPT.a */; };
/* End PBXBuildFile section */

/* Begin PBXFileReference section */
		1813CEFD2202E0B00081B1AB /* TestAnimationViewController.h */ = {isa = PBXFileReference; lastKnownFileType = sourcecode.c.h; path = TestAnimationViewController.h; sourceTree = "<group>"; };
		1813CEFE2202E0B00081B1AB /* TestAnimationViewController.m */ = {isa = PBXFileReference; lastKnownFileType = sourcecode.c.objc; path = TestAnimationViewController.m; sourceTree = "<group>"; };
		1813CF012202E2380081B1AB /* JYLoginManager.h */ = {isa = PBXFileReference; lastKnownFileType = sourcecode.c.h; path = JYLoginManager.h; sourceTree = "<group>"; };
		1813CF022202E2380081B1AB /* JYLoginManager.m */ = {isa = PBXFileReference; lastKnownFileType = sourcecode.c.objc; path = JYLoginManager.m; sourceTree = "<group>"; };
		1813CF042202E9AB0081B1AB /* JYUserInfoModel.h */ = {isa = PBXFileReference; lastKnownFileType = sourcecode.c.h; path = JYUserInfoModel.h; sourceTree = "<group>"; };
		1813CF052202E9AB0081B1AB /* JYUserInfoModel.m */ = {isa = PBXFileReference; lastKnownFileType = sourcecode.c.objc; path = JYUserInfoModel.m; sourceTree = "<group>"; };
		1813CF072202F3740081B1AB /* TestView.h */ = {isa = PBXFileReference; lastKnownFileType = sourcecode.c.h; path = TestView.h; sourceTree = "<group>"; };
		1813CF082202F3740081B1AB /* TestView.m */ = {isa = PBXFileReference; lastKnownFileType = sourcecode.c.objc; path = TestView.m; sourceTree = "<group>"; };
		182CF57E2237ADCF0000E5BD /* NSMutableAttributedString+JYTool.h */ = {isa = PBXFileReference; lastKnownFileType = sourcecode.c.h; path = "NSMutableAttributedString+JYTool.h"; sourceTree = "<group>"; };
		182CF57F2237ADCF0000E5BD /* NSMutableAttributedString+JYTool.m */ = {isa = PBXFileReference; lastKnownFileType = sourcecode.c.objc; path = "NSMutableAttributedString+JYTool.m"; sourceTree = "<group>"; };
		182CF5812237B0860000E5BD /* UITextView+JYStyle.h */ = {isa = PBXFileReference; lastKnownFileType = sourcecode.c.h; path = "UITextView+JYStyle.h"; sourceTree = "<group>"; };
		182CF5822237B0860000E5BD /* UITextView+JYStyle.m */ = {isa = PBXFileReference; lastKnownFileType = sourcecode.c.objc; path = "UITextView+JYStyle.m"; sourceTree = "<group>"; };
		182CF5842237B1D70000E5BD /* TestTextViewViewController.h */ = {isa = PBXFileReference; lastKnownFileType = sourcecode.c.h; path = TestTextViewViewController.h; sourceTree = "<group>"; };
		182CF5852237B1D70000E5BD /* TestTextViewViewController.m */ = {isa = PBXFileReference; lastKnownFileType = sourcecode.c.objc; path = TestTextViewViewController.m; sourceTree = "<group>"; };
		1838163B2227BB7000FD89E0 /* UIButton+JYStyle.h */ = {isa = PBXFileReference; fileEncoding = 4; lastKnownFileType = sourcecode.c.h; path = "UIButton+JYStyle.h"; sourceTree = "<group>"; };
		1838163C2227BB7000FD89E0 /* UIView+JYLayerEdit.h */ = {isa = PBXFileReference; fileEncoding = 4; lastKnownFileType = sourcecode.c.h; path = "UIView+JYLayerEdit.h"; sourceTree = "<group>"; };
		1838163D2227BB7000FD89E0 /* UIView+JYLayerEdit.m */ = {isa = PBXFileReference; fileEncoding = 4; lastKnownFileType = sourcecode.c.objc; path = "UIView+JYLayerEdit.m"; sourceTree = "<group>"; };
		1838163E2227BB7100FD89E0 /* UIButton+JYStyle.m */ = {isa = PBXFileReference; fileEncoding = 4; lastKnownFileType = sourcecode.c.objc; path = "UIButton+JYStyle.m"; sourceTree = "<group>"; };
		183816412227C10600FD89E0 /* UILabel+JYStyle.h */ = {isa = PBXFileReference; lastKnownFileType = sourcecode.c.h; path = "UILabel+JYStyle.h"; sourceTree = "<group>"; };
		183816422227C10600FD89E0 /* UILabel+JYStyle.m */ = {isa = PBXFileReference; lastKnownFileType = sourcecode.c.objc; path = "UILabel+JYStyle.m"; sourceTree = "<group>"; };
		183816442227C8E400FD89E0 /* UIView+JYStyle.h */ = {isa = PBXFileReference; lastKnownFileType = sourcecode.c.h; path = "UIView+JYStyle.h"; sourceTree = "<group>"; };
		183816452227C8E400FD89E0 /* UIView+JYStyle.m */ = {isa = PBXFileReference; lastKnownFileType = sourcecode.c.objc; path = "UIView+JYStyle.m"; sourceTree = "<group>"; };
		184B4946222E20180072BBAF /* JYTeacherHistoryViewController.h */ = {isa = PBXFileReference; lastKnownFileType = sourcecode.c.h; path = JYTeacherHistoryViewController.h; sourceTree = "<group>"; };
		184B4947222E20180072BBAF /* JYTeacherHistoryViewController.m */ = {isa = PBXFileReference; lastKnownFileType = sourcecode.c.objc; path = JYTeacherHistoryViewController.m; sourceTree = "<group>"; };
		184B4949222E244C0072BBAF /* JYCommentListViewController.h */ = {isa = PBXFileReference; lastKnownFileType = sourcecode.c.h; path = JYCommentListViewController.h; sourceTree = "<group>"; };
		184B494A222E244C0072BBAF /* JYCommentListViewController.m */ = {isa = PBXFileReference; lastKnownFileType = sourcecode.c.objc; path = JYCommentListViewController.m; sourceTree = "<group>"; };
		184B494C222E255B0072BBAF /* JYCommentListViewModel.h */ = {isa = PBXFileReference; lastKnownFileType = sourcecode.c.h; path = JYCommentListViewModel.h; sourceTree = "<group>"; };
		184B494D222E255B0072BBAF /* JYCommentListViewModel.m */ = {isa = PBXFileReference; lastKnownFileType = sourcecode.c.objc; path = JYCommentListViewModel.m; sourceTree = "<group>"; };
		184B494F222E2AC60072BBAF /* 已点赞@2x.png */ = {isa = PBXFileReference; lastKnownFileType = image.png; path = "已点赞@2x.png"; sourceTree = "<group>"; };
		184B4950222E2AC60072BBAF /* 已点赞@3x.png */ = {isa = PBXFileReference; lastKnownFileType = image.png; path = "已点赞@3x.png"; sourceTree = "<group>"; };
		184B4953222E43710072BBAF /* JYHtmlTableViewCell.h */ = {isa = PBXFileReference; lastKnownFileType = sourcecode.c.h; path = JYHtmlTableViewCell.h; sourceTree = "<group>"; };
		184B4954222E43710072BBAF /* JYHtmlTableViewCell.m */ = {isa = PBXFileReference; lastKnownFileType = sourcecode.c.objc; path = JYHtmlTableViewCell.m; sourceTree = "<group>"; };
		184B4956222E50D20072BBAF /* JYTeacherListViewController.h */ = {isa = PBXFileReference; lastKnownFileType = sourcecode.c.h; path = JYTeacherListViewController.h; sourceTree = "<group>"; };
		184B4957222E50D20072BBAF /* JYTeacherListViewController.m */ = {isa = PBXFileReference; lastKnownFileType = sourcecode.c.objc; path = JYTeacherListViewController.m; sourceTree = "<group>"; };
		184B4959222E549E0072BBAF /* JYTeacherListViewModel.h */ = {isa = PBXFileReference; lastKnownFileType = sourcecode.c.h; path = JYTeacherListViewModel.h; sourceTree = "<group>"; };
		184B495A222E549E0072BBAF /* JYTeacherListViewModel.m */ = {isa = PBXFileReference; lastKnownFileType = sourcecode.c.objc; path = JYTeacherListViewModel.m; sourceTree = "<group>"; };
		184B495C222E56310072BBAF /* JYTeacherListTableViewCell.h */ = {isa = PBXFileReference; lastKnownFileType = sourcecode.c.h; path = JYTeacherListTableViewCell.h; sourceTree = "<group>"; };
		184B495D222E56310072BBAF /* JYTeacherListTableViewCell.m */ = {isa = PBXFileReference; lastKnownFileType = sourcecode.c.objc; path = JYTeacherListTableViewCell.m; sourceTree = "<group>"; };
		184B495F222E60F30072BBAF /* JYMarkView.h */ = {isa = PBXFileReference; lastKnownFileType = sourcecode.c.h; path = JYMarkView.h; sourceTree = "<group>"; };
		184B4960222E60F30072BBAF /* JYMarkView.m */ = {isa = PBXFileReference; lastKnownFileType = sourcecode.c.objc; path = JYMarkView.m; sourceTree = "<group>"; };
		184B4962222E6A2D0072BBAF /* JYSearchZxViewController.h */ = {isa = PBXFileReference; lastKnownFileType = sourcecode.c.h; path = JYSearchZxViewController.h; sourceTree = "<group>"; };
		184B4963222E6A2D0072BBAF /* JYSearchZxViewController.m */ = {isa = PBXFileReference; lastKnownFileType = sourcecode.c.objc; path = JYSearchZxViewController.m; sourceTree = "<group>"; };
		184B4965222E6C760072BBAF /* JYSoonAskTableViewCell.h */ = {isa = PBXFileReference; lastKnownFileType = sourcecode.c.h; path = JYSoonAskTableViewCell.h; sourceTree = "<group>"; };
		184B4966222E6C760072BBAF /* JYSoonAskTableViewCell.m */ = {isa = PBXFileReference; lastKnownFileType = sourcecode.c.objc; path = JYSoonAskTableViewCell.m; sourceTree = "<group>"; };
		184B4968222E6DCD0072BBAF /* JYSearchTipTableViewCell.h */ = {isa = PBXFileReference; lastKnownFileType = sourcecode.c.h; path = JYSearchTipTableViewCell.h; sourceTree = "<group>"; };
		184B4969222E6DCD0072BBAF /* JYSearchTipTableViewCell.m */ = {isa = PBXFileReference; lastKnownFileType = sourcecode.c.objc; path = JYSearchTipTableViewCell.m; sourceTree = "<group>"; };
		184B496B222E6E090072BBAF /* JYSearchTypeTableViewCell.h */ = {isa = PBXFileReference; lastKnownFileType = sourcecode.c.h; path = JYSearchTypeTableViewCell.h; sourceTree = "<group>"; };
		184B496C222E6E090072BBAF /* JYSearchTypeTableViewCell.m */ = {isa = PBXFileReference; lastKnownFileType = sourcecode.c.objc; path = JYSearchTypeTableViewCell.m; sourceTree = "<group>"; };
		184B496E222E6E480072BBAF /* JYTipView.h */ = {isa = PBXFileReference; lastKnownFileType = sourcecode.c.h; path = JYTipView.h; sourceTree = "<group>"; };
		184B496F222E6E480072BBAF /* JYTipView.m */ = {isa = PBXFileReference; lastKnownFileType = sourcecode.c.objc; path = JYTipView.m; sourceTree = "<group>"; };
		184B4971222E7AB80072BBAF /* JYNoZxViewController.h */ = {isa = PBXFileReference; lastKnownFileType = sourcecode.c.h; path = JYNoZxViewController.h; sourceTree = "<group>"; };
		184B4972222E7AB80072BBAF /* JYNoZxViewController.m */ = {isa = PBXFileReference; lastKnownFileType = sourcecode.c.objc; path = JYNoZxViewController.m; sourceTree = "<group>"; };
		184D70182230B9F30050A01D /* JYTestDataManager.m */ = {isa = PBXFileReference; fileEncoding = 4; lastKnownFileType = sourcecode.c.objc; path = JYTestDataManager.m; sourceTree = "<group>"; };
		184D70192230B9F30050A01D /* JYTestDataManager.h */ = {isa = PBXFileReference; fileEncoding = 4; lastKnownFileType = sourcecode.c.h; path = JYTestDataManager.h; sourceTree = "<group>"; };
		184D701B2230FD060050A01D /* JYBaseModel.h */ = {isa = PBXFileReference; lastKnownFileType = sourcecode.c.h; path = JYBaseModel.h; sourceTree = "<group>"; };
		184D701C2230FD060050A01D /* JYBaseModel.m */ = {isa = PBXFileReference; lastKnownFileType = sourcecode.c.objc; path = JYBaseModel.m; sourceTree = "<group>"; };
		184D701E223118C60050A01D /* JYSearchZxViewModel.h */ = {isa = PBXFileReference; lastKnownFileType = sourcecode.c.h; path = JYSearchZxViewModel.h; sourceTree = "<group>"; };
		184D701F223118C60050A01D /* JYSearchZxViewModel.m */ = {isa = PBXFileReference; lastKnownFileType = sourcecode.c.objc; path = JYSearchZxViewModel.m; sourceTree = "<group>"; };
		184D70212231196A0050A01D /* JYTeacherTypeModel.h */ = {isa = PBXFileReference; lastKnownFileType = sourcecode.c.h; path = JYTeacherTypeModel.h; sourceTree = "<group>"; };
		184D70222231196A0050A01D /* JYTeacherTypeModel.m */ = {isa = PBXFileReference; lastKnownFileType = sourcecode.c.objc; path = JYTeacherTypeModel.m; sourceTree = "<group>"; };
		185280BA222F6C07006DE84A /* JYNavView.h */ = {isa = PBXFileReference; lastKnownFileType = sourcecode.c.h; path = JYNavView.h; sourceTree = "<group>"; };
		185280BB222F6C07006DE84A /* JYNavView.m */ = {isa = PBXFileReference; lastKnownFileType = sourcecode.c.objc; path = JYNavView.m; sourceTree = "<group>"; };
		185280BD222F794E006DE84A /* NSString+JYTool.h */ = {isa = PBXFileReference; lastKnownFileType = sourcecode.c.h; path = "NSString+JYTool.h"; sourceTree = "<group>"; };
		185280BE222F794E006DE84A /* NSString+JYTool.m */ = {isa = PBXFileReference; lastKnownFileType = sourcecode.c.objc; path = "NSString+JYTool.m"; sourceTree = "<group>"; };
		185280C0222FB9A4006DE84A /* JYCommentModel.h */ = {isa = PBXFileReference; lastKnownFileType = sourcecode.c.h; path = JYCommentModel.h; sourceTree = "<group>"; };
		185280C1222FB9A4006DE84A /* JYCommentModel.m */ = {isa = PBXFileReference; lastKnownFileType = sourcecode.c.objc; path = JYCommentModel.m; sourceTree = "<group>"; };
		185280C3222FC486006DE84A /* UITableView+JYTool.h */ = {isa = PBXFileReference; lastKnownFileType = sourcecode.c.h; path = "UITableView+JYTool.h"; sourceTree = "<group>"; };
		185280C4222FC486006DE84A /* UITableView+JYTool.m */ = {isa = PBXFileReference; lastKnownFileType = sourcecode.c.objc; path = "UITableView+JYTool.m"; sourceTree = "<group>"; };
		18540670223271A00032E06F /* CustomRefreshGifHeader.h */ = {isa = PBXFileReference; fileEncoding = 4; lastKnownFileType = sourcecode.c.h; path = CustomRefreshGifHeader.h; sourceTree = "<group>"; };
		18540671223271A00032E06F /* CustomRefreshGifFooter.h */ = {isa = PBXFileReference; fileEncoding = 4; lastKnownFileType = sourcecode.c.h; path = CustomRefreshGifFooter.h; sourceTree = "<group>"; };
		18540672223271A00032E06F /* CustomRefreshGifFooter.m */ = {isa = PBXFileReference; fileEncoding = 4; lastKnownFileType = sourcecode.c.objc; path = CustomRefreshGifFooter.m; sourceTree = "<group>"; };
		18540673223271A00032E06F /* CustomRefreshGifHeader.m */ = {isa = PBXFileReference; fileEncoding = 4; lastKnownFileType = sourcecode.c.objc; path = CustomRefreshGifHeader.m; sourceTree = "<group>"; };
		185D2B89222518890097AE18 /* JYTeacherInfoViewController.h */ = {isa = PBXFileReference; lastKnownFileType = sourcecode.c.h; path = JYTeacherInfoViewController.h; sourceTree = "<group>"; };
		185D2B8A222518890097AE18 /* JYTeacherInfoViewController.m */ = {isa = PBXFileReference; lastKnownFileType = sourcecode.c.objc; path = JYTeacherInfoViewController.m; sourceTree = "<group>"; };
		18609B51222CC1EB004E6BDB /* 提问老师@3x.png */ = {isa = PBXFileReference; lastKnownFileType = image.png; path = "提问老师@3x.png"; sourceTree = "<group>"; };
		18609B52222CC1EB004E6BDB /* 提问老师@2x.png */ = {isa = PBXFileReference; lastKnownFileType = image.png; path = "提问老师@2x.png"; sourceTree = "<group>"; };
		18609B53222CC1EB004E6BDB /* 客服@3x.png */ = {isa = PBXFileReference; lastKnownFileType = image.png; path = "客服@3x.png"; sourceTree = "<group>"; };
		18609B54222CC1EB004E6BDB /* 客服@2x.png */ = {isa = PBXFileReference; lastKnownFileType = image.png; path = "客服@2x.png"; sourceTree = "<group>"; };
		18609B59222CC2A5004E6BDB /* 暂无咨询图片@2x.png */ = {isa = PBXFileReference; lastKnownFileType = image.png; path = "暂无咨询图片@2x.png"; sourceTree = "<group>"; };
		18609B5A222CC2A5004E6BDB /* 暂无咨询图片@3x.png */ = {isa = PBXFileReference; lastKnownFileType = image.png; path = "暂无咨询图片@3x.png"; sourceTree = "<group>"; };
		18609B5D222CC2D1004E6BDB /* 选科志愿升学@2x.png */ = {isa = PBXFileReference; lastKnownFileType = image.png; path = "选科志愿升学@2x.png"; sourceTree = "<group>"; };
		18609B5E222CC2D2004E6BDB /* 咨询方式@3x.png */ = {isa = PBXFileReference; lastKnownFileType = image.png; path = "咨询方式@3x.png"; sourceTree = "<group>"; };
		18609B5F222CC2D2004E6BDB /* 亲子关系@3x.png */ = {isa = PBXFileReference; lastKnownFileType = image.png; path = "亲子关系@3x.png"; sourceTree = "<group>"; };
		18609B60222CC2D2004E6BDB /* 表情@2x.png */ = {isa = PBXFileReference; lastKnownFileType = image.png; path = "表情@2x.png"; sourceTree = "<group>"; };
		18609B61222CC2D2004E6BDB /* 孩子未来@2x.png */ = {isa = PBXFileReference; lastKnownFileType = image.png; path = "孩子未来@2x.png"; sourceTree = "<group>"; };
		18609B62222CC2D2004E6BDB /* 亲子关系@2x.png */ = {isa = PBXFileReference; lastKnownFileType = image.png; path = "亲子关系@2x.png"; sourceTree = "<group>"; };
		18609B63222CC2D2004E6BDB /* 孩子未来@3x.png */ = {isa = PBXFileReference; lastKnownFileType = image.png; path = "孩子未来@3x.png"; sourceTree = "<group>"; };
		18609B64222CC2D2004E6BDB /* 提升成绩@3x.png */ = {isa = PBXFileReference; lastKnownFileType = image.png; path = "提升成绩@3x.png"; sourceTree = "<group>"; };
		18609B65222CC2D2004E6BDB /* 咨询方式@2x.png */ = {isa = PBXFileReference; lastKnownFileType = image.png; path = "咨询方式@2x.png"; sourceTree = "<group>"; };
		18609B66222CC2D2004E6BDB /* 提升成绩@2x.png */ = {isa = PBXFileReference; lastKnownFileType = image.png; path = "提升成绩@2x.png"; sourceTree = "<group>"; };
		18609B67222CC2D2004E6BDB /* 选科志愿升学@3x.png */ = {isa = PBXFileReference; lastKnownFileType = image.png; path = "选科志愿升学@3x.png"; sourceTree = "<group>"; };
		18609B73222CC3A3004E6BDB /* JYPointView.h */ = {isa = PBXFileReference; lastKnownFileType = sourcecode.c.h; path = JYPointView.h; sourceTree = "<group>"; };
		18609B74222CC3A3004E6BDB /* JYPointView.m */ = {isa = PBXFileReference; lastKnownFileType = sourcecode.c.objc; path = JYPointView.m; sourceTree = "<group>"; };
		18609B78222CD668004E6BDB /* JYTeacherInfoViewModel.h */ = {isa = PBXFileReference; lastKnownFileType = sourcecode.c.h; path = JYTeacherInfoViewModel.h; sourceTree = "<group>"; };
		18609B79222CD668004E6BDB /* JYTeacherInfoViewModel.m */ = {isa = PBXFileReference; lastKnownFileType = sourcecode.c.objc; path = JYTeacherInfoViewModel.m; sourceTree = "<group>"; };
		18609B7B222CD97A004E6BDB /* 返回-黑-视频文章@2x.png */ = {isa = PBXFileReference; lastKnownFileType = image.png; path = "返回-黑-视频文章@2x.png"; sourceTree = "<group>"; };
		18609B7C222CD97A004E6BDB /* 返回-黑-视频文章@3x.png */ = {isa = PBXFileReference; lastKnownFileType = image.png; path = "返回-黑-视频文章@3x.png"; sourceTree = "<group>"; };
		18609B7D222CD97A004E6BDB /* 分享-黑色-视频文章@3x.png */ = {isa = PBXFileReference; lastKnownFileType = image.png; path = "分享-黑色-视频文章@3x.png"; sourceTree = "<group>"; };
		18609B7E222CD97A004E6BDB /* 分享-文章视频@3x.png */ = {isa = PBXFileReference; lastKnownFileType = image.png; path = "分享-文章视频@3x.png"; sourceTree = "<group>"; };
		18609B7F222CD97A004E6BDB /* 分享-黑色-视频文章@2x.png */ = {isa = PBXFileReference; lastKnownFileType = image.png; path = "分享-黑色-视频文章@2x.png"; sourceTree = "<group>"; };
		18609B80222CD97A004E6BDB /* 分享-文章视频@2x.png */ = {isa = PBXFileReference; lastKnownFileType = image.png; path = "分享-文章视频@2x.png"; sourceTree = "<group>"; };
		18609B87222CF9B6004E6BDB /* 返回-视频文章@2x.png */ = {isa = PBXFileReference; lastKnownFileType = image.png; path = "返回-视频文章@2x.png"; sourceTree = "<group>"; };
		18609B88222CF9B6004E6BDB /* 返回-视频文章@3x.png */ = {isa = PBXFileReference; lastKnownFileType = image.png; path = "返回-视频文章@3x.png"; sourceTree = "<group>"; };
		18609B8B222CFDF7004E6BDB /* UIImage+JYEdit.h */ = {isa = PBXFileReference; lastKnownFileType = sourcecode.c.h; path = "UIImage+JYEdit.h"; sourceTree = "<group>"; };
		18609B8C222CFDF7004E6BDB /* UIImage+JYEdit.m */ = {isa = PBXFileReference; lastKnownFileType = sourcecode.c.objc; path = "UIImage+JYEdit.m"; sourceTree = "<group>"; };
		18609B8E222D06A7004E6BDB /* JYTeacherInfoModel.h */ = {isa = PBXFileReference; lastKnownFileType = sourcecode.c.h; path = JYTeacherInfoModel.h; sourceTree = "<group>"; };
		18609B8F222D06A7004E6BDB /* JYTeacherInfoModel.m */ = {isa = PBXFileReference; lastKnownFileType = sourcecode.c.objc; path = JYTeacherInfoModel.m; sourceTree = "<group>"; };
		18609B94222D0CD3004E6BDB /* JYBigTitleView.h */ = {isa = PBXFileReference; lastKnownFileType = sourcecode.c.h; path = JYBigTitleView.h; sourceTree = "<group>"; };
		18609B95222D0CD3004E6BDB /* JYBigTitleView.m */ = {isa = PBXFileReference; lastKnownFileType = sourcecode.c.objc; path = JYBigTitleView.m; sourceTree = "<group>"; };
		18609B97222D0E06004E6BDB /* JYTitleView.h */ = {isa = PBXFileReference; lastKnownFileType = sourcecode.c.h; path = JYTitleView.h; sourceTree = "<group>"; };
		18609B98222D0E06004E6BDB /* JYTitleView.m */ = {isa = PBXFileReference; lastKnownFileType = sourcecode.c.objc; path = JYTitleView.m; sourceTree = "<group>"; };
		18609B9A222D0E98004E6BDB /* JYBigTitleTableViewCell.h */ = {isa = PBXFileReference; lastKnownFileType = sourcecode.c.h; path = JYBigTitleTableViewCell.h; sourceTree = "<group>"; };
		18609B9B222D0E98004E6BDB /* JYBigTitleTableViewCell.m */ = {isa = PBXFileReference; lastKnownFileType = sourcecode.c.objc; path = JYBigTitleTableViewCell.m; sourceTree = "<group>"; };
		18609B9D222D0EB1004E6BDB /* JYJobTableViewCell.h */ = {isa = PBXFileReference; lastKnownFileType = sourcecode.c.h; path = JYJobTableViewCell.h; sourceTree = "<group>"; };
		18609B9E222D0EB1004E6BDB /* JYJobTableViewCell.m */ = {isa = PBXFileReference; lastKnownFileType = sourcecode.c.objc; path = JYJobTableViewCell.m; sourceTree = "<group>"; };
		18609BA0222D0EC2004E6BDB /* JYGoodAtTableViewCell.h */ = {isa = PBXFileReference; lastKnownFileType = sourcecode.c.h; path = JYGoodAtTableViewCell.h; sourceTree = "<group>"; };
		18609BA1222D0EC2004E6BDB /* JYGoodAtTableViewCell.m */ = {isa = PBXFileReference; lastKnownFileType = sourcecode.c.objc; path = JYGoodAtTableViewCell.m; sourceTree = "<group>"; };
		18609BA3222D0EEC004E6BDB /* JYHistoryTableViewCell.h */ = {isa = PBXFileReference; lastKnownFileType = sourcecode.c.h; path = JYHistoryTableViewCell.h; sourceTree = "<group>"; };
		18609BA4222D0EEC004E6BDB /* JYHistoryTableViewCell.m */ = {isa = PBXFileReference; lastKnownFileType = sourcecode.c.objc; path = JYHistoryTableViewCell.m; sourceTree = "<group>"; };
		18609BA6222D0F36004E6BDB /* JYTitleTableViewCell.h */ = {isa = PBXFileReference; lastKnownFileType = sourcecode.c.h; path = JYTitleTableViewCell.h; sourceTree = "<group>"; };
		18609BA7222D0F36004E6BDB /* JYTitleTableViewCell.m */ = {isa = PBXFileReference; lastKnownFileType = sourcecode.c.objc; path = JYTitleTableViewCell.m; sourceTree = "<group>"; };
		18609BA9222D0F4D004E6BDB /* JYTeacherSayTableViewCell.h */ = {isa = PBXFileReference; lastKnownFileType = sourcecode.c.h; path = JYTeacherSayTableViewCell.h; sourceTree = "<group>"; };
		18609BAA222D0F4D004E6BDB /* JYTeacherSayTableViewCell.m */ = {isa = PBXFileReference; lastKnownFileType = sourcecode.c.objc; path = JYTeacherSayTableViewCell.m; sourceTree = "<group>"; };
		18609BAC222D0F5F004E6BDB /* JYZxWayTableViewCell.h */ = {isa = PBXFileReference; lastKnownFileType = sourcecode.c.h; path = JYZxWayTableViewCell.h; sourceTree = "<group>"; };
		18609BAD222D0F5F004E6BDB /* JYZxWayTableViewCell.m */ = {isa = PBXFileReference; lastKnownFileType = sourcecode.c.objc; path = JYZxWayTableViewCell.m; sourceTree = "<group>"; };
		18609BAF222D0FEC004E6BDB /* JYCommentTableViewCell.h */ = {isa = PBXFileReference; lastKnownFileType = sourcecode.c.h; path = JYCommentTableViewCell.h; sourceTree = "<group>"; };
		18609BB0222D0FEC004E6BDB /* JYCommentTableViewCell.m */ = {isa = PBXFileReference; lastKnownFileType = sourcecode.c.objc; path = JYCommentTableViewCell.m; sourceTree = "<group>"; };
		18609BB2222D123F004E6BDB /* 查看更多箭头@3x.png */ = {isa = PBXFileReference; lastKnownFileType = image.png; path = "查看更多箭头@3x.png"; sourceTree = "<group>"; };
		18609BB3222D123F004E6BDB /* 查看更多箭头@2x.png */ = {isa = PBXFileReference; lastKnownFileType = image.png; path = "查看更多箭头@2x.png"; sourceTree = "<group>"; };
		18609BB6222D2C33004E6BDB /* JYImgTableViewCell.h */ = {isa = PBXFileReference; lastKnownFileType = sourcecode.c.h; path = JYImgTableViewCell.h; sourceTree = "<group>"; };
		18609BB7222D2C33004E6BDB /* JYImgTableViewCell.m */ = {isa = PBXFileReference; lastKnownFileType = sourcecode.c.objc; path = JYImgTableViewCell.m; sourceTree = "<group>"; };
		18FC9DD621A55DF300FC6544 /* TestVCDemoPT.app */ = {isa = PBXFileReference; explicitFileType = wrapper.application; includeInIndex = 0; path = TestVCDemoPT.app; sourceTree = BUILT_PRODUCTS_DIR; };
		18FC9DD921A55DF300FC6544 /* AppDelegate.h */ = {isa = PBXFileReference; lastKnownFileType = sourcecode.c.h; path = AppDelegate.h; sourceTree = "<group>"; };
		18FC9DDA21A55DF300FC6544 /* AppDelegate.m */ = {isa = PBXFileReference; lastKnownFileType = sourcecode.c.objc; path = AppDelegate.m; sourceTree = "<group>"; };
		18FC9DDC21A55DF300FC6544 /* ViewController.h */ = {isa = PBXFileReference; lastKnownFileType = sourcecode.c.h; path = ViewController.h; sourceTree = "<group>"; };
		18FC9DDD21A55DF300FC6544 /* ViewController.m */ = {isa = PBXFileReference; lastKnownFileType = sourcecode.c.objc; path = ViewController.m; sourceTree = "<group>"; };
		18FC9DE021A55DF300FC6544 /* Base */ = {isa = PBXFileReference; lastKnownFileType = file.storyboard; name = Base; path = Base.lproj/Main.storyboard; sourceTree = "<group>"; };
		18FC9DE221A55DF600FC6544 /* Assets.xcassets */ = {isa = PBXFileReference; lastKnownFileType = folder.assetcatalog; path = Assets.xcassets; sourceTree = "<group>"; };
		18FC9DE521A55DF600FC6544 /* Base */ = {isa = PBXFileReference; lastKnownFileType = file.storyboard; name = Base; path = Base.lproj/LaunchScreen.storyboard; sourceTree = "<group>"; };
		18FC9DE721A55DF600FC6544 /* Info.plist */ = {isa = PBXFileReference; lastKnownFileType = text.plist.xml; path = Info.plist; sourceTree = "<group>"; };
		18FC9DE821A55DF600FC6544 /* main.m */ = {isa = PBXFileReference; lastKnownFileType = sourcecode.c.objc; path = main.m; sourceTree = "<group>"; };
		18FC9DF121A55E1C00FC6544 /* JYBaseTabBarController.m */ = {isa = PBXFileReference; fileEncoding = 4; lastKnownFileType = sourcecode.c.objc; path = JYBaseTabBarController.m; sourceTree = "<group>"; };
		18FC9DF321A55E1C00FC6544 /* DDExNoDataView.m */ = {isa = PBXFileReference; fileEncoding = 4; lastKnownFileType = sourcecode.c.objc; path = DDExNoDataView.m; sourceTree = "<group>"; };
		18FC9DF521A55E1C00FC6544 /* BSUtility.h */ = {isa = PBXFileReference; fileEncoding = 4; lastKnownFileType = sourcecode.c.h; path = BSUtility.h; sourceTree = "<group>"; };
		18FC9DF621A55E1C00FC6544 /* DDRequestManager.m */ = {isa = PBXFileReference; fileEncoding = 4; lastKnownFileType = sourcecode.c.objc; path = DDRequestManager.m; sourceTree = "<group>"; };
		18FC9DF921A55E1C00FC6544 /* customLabel.h */ = {isa = PBXFileReference; fileEncoding = 4; lastKnownFileType = sourcecode.c.h; path = customLabel.h; sourceTree = "<group>"; };
		18FC9DFA21A55E1C00FC6544 /* customLabel.m */ = {isa = PBXFileReference; fileEncoding = 4; lastKnownFileType = sourcecode.c.objc; path = customLabel.m; sourceTree = "<group>"; };
		18FC9E0B21A55E1C00FC6544 /* UIView+shotMethod.h */ = {isa = PBXFileReference; fileEncoding = 4; lastKnownFileType = sourcecode.c.h; path = "UIView+shotMethod.h"; sourceTree = "<group>"; };
		18FC9E0C21A55E1C00FC6544 /* UIView+cornerRadius.h */ = {isa = PBXFileReference; fileEncoding = 4; lastKnownFileType = sourcecode.c.h; path = "UIView+cornerRadius.h"; sourceTree = "<group>"; };
		18FC9E0D21A55E1C00FC6544 /* UIView+shotMethod.m */ = {isa = PBXFileReference; fileEncoding = 4; lastKnownFileType = sourcecode.c.objc; path = "UIView+shotMethod.m"; sourceTree = "<group>"; };
		18FC9E0E21A55E1C00FC6544 /* UIView+cornerRadius.m */ = {isa = PBXFileReference; fileEncoding = 4; lastKnownFileType = sourcecode.c.objc; path = "UIView+cornerRadius.m"; sourceTree = "<group>"; };
		18FC9E1021A55E1C00FC6544 /* NSTimer+block.m */ = {isa = PBXFileReference; fileEncoding = 4; lastKnownFileType = sourcecode.c.objc; path = "NSTimer+block.m"; sourceTree = "<group>"; };
		18FC9E1121A55E1C00FC6544 /* NSTimer+block.h */ = {isa = PBXFileReference; fileEncoding = 4; lastKnownFileType = sourcecode.c.h; path = "NSTimer+block.h"; sourceTree = "<group>"; };
		18FC9E1321A55E1C00FC6544 /* UITextView+placeHolder.m */ = {isa = PBXFileReference; fileEncoding = 4; lastKnownFileType = sourcecode.c.objc; path = "UITextView+placeHolder.m"; sourceTree = "<group>"; };
		18FC9E1421A55E1C00FC6544 /* UITextView+placeHolder.h */ = {isa = PBXFileReference; fileEncoding = 4; lastKnownFileType = sourcecode.c.h; path = "UITextView+placeHolder.h"; sourceTree = "<group>"; };
		18FC9E1621A55E1C00FC6544 /* Header.h */ = {isa = PBXFileReference; fileEncoding = 4; lastKnownFileType = sourcecode.c.h; path = Header.h; sourceTree = "<group>"; };
		18FC9E1721A55E1C00FC6544 /* Api.h */ = {isa = PBXFileReference; fileEncoding = 4; lastKnownFileType = sourcecode.c.h; path = Api.h; sourceTree = "<group>"; };
		18FC9E1821A55E1C00FC6544 /* Macros.h */ = {isa = PBXFileReference; fileEncoding = 4; lastKnownFileType = sourcecode.c.h; path = Macros.h; sourceTree = "<group>"; };
		18FC9E1921A55E1C00FC6544 /* ThirdMacros.h */ = {isa = PBXFileReference; fileEncoding = 4; lastKnownFileType = sourcecode.c.h; path = ThirdMacros.h; sourceTree = "<group>"; };
		18FC9E1B21A55E1C00FC6544 /* NSString+AttributedString.h */ = {isa = PBXFileReference; fileEncoding = 4; lastKnownFileType = sourcecode.c.h; path = "NSString+AttributedString.h"; sourceTree = "<group>"; };
		18FC9E1C21A55E1C00FC6544 /* NSString+MD5.h */ = {isa = PBXFileReference; fileEncoding = 4; lastKnownFileType = sourcecode.c.h; path = "NSString+MD5.h"; sourceTree = "<group>"; };
		18FC9E1D21A55E1C00FC6544 /* NSString+AttributedString.m */ = {isa = PBXFileReference; fileEncoding = 4; lastKnownFileType = sourcecode.c.objc; path = "NSString+AttributedString.m"; sourceTree = "<group>"; };
		18FC9E1E21A55E1C00FC6544 /* NSString+MD5.m */ = {isa = PBXFileReference; fileEncoding = 4; lastKnownFileType = sourcecode.c.objc; path = "NSString+MD5.m"; sourceTree = "<group>"; };
		18FC9E2521A55E1C00FC6544 /* UITextField+NLLimit.m */ = {isa = PBXFileReference; fileEncoding = 4; lastKnownFileType = sourcecode.c.objc; path = "UITextField+NLLimit.m"; sourceTree = "<group>"; };
		18FC9E2621A55E1C00FC6544 /* UITextField+NLLimit.h */ = {isa = PBXFileReference; fileEncoding = 4; lastKnownFileType = sourcecode.c.h; path = "UITextField+NLLimit.h"; sourceTree = "<group>"; };
		18FC9E2821A55E1C00FC6544 /* Tools.m */ = {isa = PBXFileReference; fileEncoding = 4; lastKnownFileType = sourcecode.c.objc; path = Tools.m; sourceTree = "<group>"; };
		18FC9E2921A55E1C00FC6544 /* Tools.h */ = {isa = PBXFileReference; fileEncoding = 4; lastKnownFileType = sourcecode.c.h; path = Tools.h; sourceTree = "<group>"; };
		18FC9E2A21A55E1C00FC6544 /* DDExDialogView.h */ = {isa = PBXFileReference; fileEncoding = 4; lastKnownFileType = sourcecode.c.h; path = DDExDialogView.h; sourceTree = "<group>"; };
		18FC9E2B21A55E1C00FC6544 /* TabViewControllerManager.h */ = {isa = PBXFileReference; fileEncoding = 4; lastKnownFileType = sourcecode.c.h; path = TabViewControllerManager.h; sourceTree = "<group>"; };
		18FC9E2C21A55E1C00FC6544 /* DDScrollView.h */ = {isa = PBXFileReference; fileEncoding = 4; lastKnownFileType = sourcecode.c.h; path = DDScrollView.h; sourceTree = "<group>"; };
		18FC9E2D21A55E1C00FC6544 /* UIView+JYExFrame.m */ = {isa = PBXFileReference; fileEncoding = 4; lastKnownFileType = sourcecode.c.objc; path = "UIView+JYExFrame.m"; sourceTree = "<group>"; };
		18FC9E2E21A55E1C00FC6544 /* JYBaseViewModel.m */ = {isa = PBXFileReference; fileEncoding = 4; lastKnownFileType = sourcecode.c.objc; path = JYBaseViewModel.m; sourceTree = "<group>"; };
		18FC9E2F21A55E1C00FC6544 /* colors.h */ = {isa = PBXFileReference; fileEncoding = 4; lastKnownFileType = sourcecode.c.h; path = colors.h; sourceTree = "<group>"; };
		18FC9E3021A55E1C00FC6544 /* JYAbstractTableViewCell.h */ = {isa = PBXFileReference; fileEncoding = 4; lastKnownFileType = sourcecode.c.h; path = JYAbstractTableViewCell.h; sourceTree = "<group>"; };
		18FC9E3121A55E1C00FC6544 /* DDExNoDataView.h */ = {isa = PBXFileReference; fileEncoding = 4; lastKnownFileType = sourcecode.c.h; path = DDExNoDataView.h; sourceTree = "<group>"; };
		18FC9E3421A55E1C00FC6544 /* JYBaseTabBarController.h */ = {isa = PBXFileReference; fileEncoding = 4; lastKnownFileType = sourcecode.c.h; path = JYBaseTabBarController.h; sourceTree = "<group>"; };
		18FC9E3521A55E1C00FC6544 /* DDRequestManager.h */ = {isa = PBXFileReference; fileEncoding = 4; lastKnownFileType = sourcecode.c.h; path = DDRequestManager.h; sourceTree = "<group>"; };
		18FC9E3621A55E1C00FC6544 /* BSUtility.m */ = {isa = PBXFileReference; fileEncoding = 4; lastKnownFileType = sourcecode.c.objc; path = BSUtility.m; sourceTree = "<group>"; };
		18FC9E3721A55E1C00FC6544 /* UIView+JYExFrame.h */ = {isa = PBXFileReference; fileEncoding = 4; lastKnownFileType = sourcecode.c.h; path = "UIView+JYExFrame.h"; sourceTree = "<group>"; };
		18FC9E3821A55E1C00FC6544 /* DDScrollView.m */ = {isa = PBXFileReference; fileEncoding = 4; lastKnownFileType = sourcecode.c.objc; path = DDScrollView.m; sourceTree = "<group>"; };
		18FC9E3921A55E1C00FC6544 /* TabViewControllerManager.m */ = {isa = PBXFileReference; fileEncoding = 4; lastKnownFileType = sourcecode.c.objc; path = TabViewControllerManager.m; sourceTree = "<group>"; };
		18FC9E3A21A55E1C00FC6544 /* DDExDialogView.m */ = {isa = PBXFileReference; fileEncoding = 4; lastKnownFileType = sourcecode.c.objc; path = DDExDialogView.m; sourceTree = "<group>"; };
		18FC9E3B21A55E1C00FC6544 /* JYAbstractTableViewCell.m */ = {isa = PBXFileReference; fileEncoding = 4; lastKnownFileType = sourcecode.c.objc; path = JYAbstractTableViewCell.m; sourceTree = "<group>"; };
		18FC9E3C21A55E1C00FC6544 /* JYBaseViewModel.h */ = {isa = PBXFileReference; fileEncoding = 4; lastKnownFileType = sourcecode.c.h; path = JYBaseViewModel.h; sourceTree = "<group>"; };
		18FC9E5D21A55FC300FC6544 /* VCManager.h */ = {isa = PBXFileReference; lastKnownFileType = sourcecode.c.h; path = VCManager.h; sourceTree = "<group>"; };
		18FC9E5E21A55FC300FC6544 /* VCManager.m */ = {isa = PBXFileReference; lastKnownFileType = sourcecode.c.objc; path = VCManager.m; sourceTree = "<group>"; };
		18FC9E8E21A567FF00FC6544 /* Images.xcassets */ = {isa = PBXFileReference; lastKnownFileType = folder.assetcatalog; path = Images.xcassets; sourceTree = "<group>"; };
		6035A9F3F196F49D4D17A13C /* libPods-TestVCDemoPT.a */ = {isa = PBXFileReference; explicitFileType = archive.ar; includeInIndex = 0; path = "libPods-TestVCDemoPT.a"; sourceTree = BUILT_PRODUCTS_DIR; };
		F57995C4ACF191304F10C859 /* Pods-TestVCDemoPT.release.xcconfig */ = {isa = PBXFileReference; includeInIndex = 1; lastKnownFileType = text.xcconfig; name = "Pods-TestVCDemoPT.release.xcconfig"; path = "Target Support Files/Pods-TestVCDemoPT/Pods-TestVCDemoPT.release.xcconfig"; sourceTree = "<group>"; };
		F597D3DB258E0755C610A65E /* Pods-TestVCDemoPT.debug.xcconfig */ = {isa = PBXFileReference; includeInIndex = 1; lastKnownFileType = text.xcconfig; name = "Pods-TestVCDemoPT.debug.xcconfig"; path = "Target Support Files/Pods-TestVCDemoPT/Pods-TestVCDemoPT.debug.xcconfig"; sourceTree = "<group>"; };
/* End PBXFileReference section */

/* Begin PBXFrameworksBuildPhase section */
		18FC9DD321A55DF300FC6544 /* Frameworks */ = {
			isa = PBXFrameworksBuildPhase;
			buildActionMask = 2147483647;
			files = (
				C6B6F2CBA95A404765FA9BE5 /* libPods-TestVCDemoPT.a in Frameworks */,
			);
			runOnlyForDeploymentPostprocessing = 0;
		};
/* End PBXFrameworksBuildPhase section */

/* Begin PBXGroup section */
		1813CF002202E1FE0081B1AB /* Login */ = {
			isa = PBXGroup;
			children = (
				1813CF012202E2380081B1AB /* JYLoginManager.h */,
				1813CF022202E2380081B1AB /* JYLoginManager.m */,
				1813CF042202E9AB0081B1AB /* JYUserInfoModel.h */,
				1813CF052202E9AB0081B1AB /* JYUserInfoModel.m */,
			);
			path = Login;
			sourceTree = "<group>";
		};
		182CAF8A2203E732004B64F3 /* Animation */ = {
			isa = PBXGroup;
			children = (
			);
			path = Animation;
			sourceTree = "<group>";
		};
		184D70172230B9F30050A01D /* TestDataManager */ = {
			isa = PBXGroup;
			children = (
				184D70192230B9F30050A01D /* JYTestDataManager.h */,
				184D70182230B9F30050A01D /* JYTestDataManager.m */,
			);
			path = TestDataManager;
			sourceTree = "<group>";
		};
		1854066F223271A00032E06F /* 自定义gif刷新 */ = {
			isa = PBXGroup;
			children = (
				18540670223271A00032E06F /* CustomRefreshGifHeader.h */,
				18540671223271A00032E06F /* CustomRefreshGifFooter.h */,
				18540672223271A00032E06F /* CustomRefreshGifFooter.m */,
				18540673223271A00032E06F /* CustomRefreshGifHeader.m */,
			);
			path = "自定义gif刷新";
			sourceTree = "<group>";
		};
		18609B50222CC1DB004E6BDB /* Image */ = {
			isa = PBXGroup;
			children = (
				184B494F222E2AC60072BBAF /* 已点赞@2x.png */,
				184B4950222E2AC60072BBAF /* 已点赞@3x.png */,
				18609BB3222D123F004E6BDB /* 查看更多箭头@2x.png */,
				18609BB2222D123F004E6BDB /* 查看更多箭头@3x.png */,
				18609B87222CF9B6004E6BDB /* 返回-视频文章@2x.png */,
				18609B88222CF9B6004E6BDB /* 返回-视频文章@3x.png */,
				18609B7B222CD97A004E6BDB /* 返回-黑-视频文章@2x.png */,
				18609B7C222CD97A004E6BDB /* 返回-黑-视频文章@3x.png */,
				18609B7F222CD97A004E6BDB /* 分享-黑色-视频文章@2x.png */,
				18609B7D222CD97A004E6BDB /* 分享-黑色-视频文章@3x.png */,
				18609B80222CD97A004E6BDB /* 分享-文章视频@2x.png */,
				18609B7E222CD97A004E6BDB /* 分享-文章视频@3x.png */,
				18609B60222CC2D2004E6BDB /* 表情@2x.png */,
				18609B61222CC2D2004E6BDB /* 孩子未来@2x.png */,
				18609B63222CC2D2004E6BDB /* 孩子未来@3x.png */,
				18609B62222CC2D2004E6BDB /* 亲子关系@2x.png */,
				18609B5F222CC2D2004E6BDB /* 亲子关系@3x.png */,
				18609B66222CC2D2004E6BDB /* 提升成绩@2x.png */,
				18609B64222CC2D2004E6BDB /* 提升成绩@3x.png */,
				18609B5D222CC2D1004E6BDB /* 选科志愿升学@2x.png */,
				18609B67222CC2D2004E6BDB /* 选科志愿升学@3x.png */,
				18609B65222CC2D2004E6BDB /* 咨询方式@2x.png */,
				18609B5E222CC2D2004E6BDB /* 咨询方式@3x.png */,
				18609B59222CC2A5004E6BDB /* 暂无咨询图片@2x.png */,
				18609B5A222CC2A5004E6BDB /* 暂无咨询图片@3x.png */,
				18609B54222CC1EB004E6BDB /* 客服@2x.png */,
				18609B53222CC1EB004E6BDB /* 客服@3x.png */,
				18609B52222CC1EB004E6BDB /* 提问老师@2x.png */,
				18609B51222CC1EB004E6BDB /* 提问老师@3x.png */,
			);
			path = Image;
			sourceTree = "<group>";
		};
		18609B76222CD634004E6BDB /* ViewModel */ = {
			isa = PBXGroup;
			children = (
				18609B78222CD668004E6BDB /* JYTeacherInfoViewModel.h */,
				18609B79222CD668004E6BDB /* JYTeacherInfoViewModel.m */,
				184B494C222E255B0072BBAF /* JYCommentListViewModel.h */,
				184B494D222E255B0072BBAF /* JYCommentListViewModel.m */,
				184B4959222E549E0072BBAF /* JYTeacherListViewModel.h */,
				184B495A222E549E0072BBAF /* JYTeacherListViewModel.m */,
				184D701E223118C60050A01D /* JYSearchZxViewModel.h */,
				184D701F223118C60050A01D /* JYSearchZxViewModel.m */,
			);
			path = ViewModel;
			sourceTree = "<group>";
		};
		18609B77222CD646004E6BDB /* Model */ = {
			isa = PBXGroup;
			children = (
				18609B8E222D06A7004E6BDB /* JYTeacherInfoModel.h */,
				18609B8F222D06A7004E6BDB /* JYTeacherInfoModel.m */,
				185280C0222FB9A4006DE84A /* JYCommentModel.h */,
				185280C1222FB9A4006DE84A /* JYCommentModel.m */,
				184D701B2230FD060050A01D /* JYBaseModel.h */,
				184D701C2230FD060050A01D /* JYBaseModel.m */,
				184D70212231196A0050A01D /* JYTeacherTypeModel.h */,
				184D70222231196A0050A01D /* JYTeacherTypeModel.m */,
			);
			path = Model;
			sourceTree = "<group>";
		};
		18609B91222D0B17004E6BDB /* CustomView */ = {
			isa = PBXGroup;
			children = (
				1854066F223271A00032E06F /* 自定义gif刷新 */,
				18609B93222D0B2E004E6BDB /* Cell */,
				18609B92222D0B28004E6BDB /* View */,
			);
			path = CustomView;
			sourceTree = "<group>";
		};
		18609B92222D0B28004E6BDB /* View */ = {
			isa = PBXGroup;
			children = (
				18609B94222D0CD3004E6BDB /* JYBigTitleView.h */,
				18609B95222D0CD3004E6BDB /* JYBigTitleView.m */,
				18609B97222D0E06004E6BDB /* JYTitleView.h */,
				18609B98222D0E06004E6BDB /* JYTitleView.m */,
				184B495F222E60F30072BBAF /* JYMarkView.h */,
				184B4960222E60F30072BBAF /* JYMarkView.m */,
				184B496E222E6E480072BBAF /* JYTipView.h */,
				184B496F222E6E480072BBAF /* JYTipView.m */,
				185280BA222F6C07006DE84A /* JYNavView.h */,
				185280BB222F6C07006DE84A /* JYNavView.m */,
			);
			path = View;
			sourceTree = "<group>";
		};
		18609B93222D0B2E004E6BDB /* Cell */ = {
			isa = PBXGroup;
			children = (
				18609B9A222D0E98004E6BDB /* JYBigTitleTableViewCell.h */,
				18609B9B222D0E98004E6BDB /* JYBigTitleTableViewCell.m */,
				18609B9D222D0EB1004E6BDB /* JYJobTableViewCell.h */,
				18609B9E222D0EB1004E6BDB /* JYJobTableViewCell.m */,
				18609BA0222D0EC2004E6BDB /* JYGoodAtTableViewCell.h */,
				18609BA1222D0EC2004E6BDB /* JYGoodAtTableViewCell.m */,
				18609BA3222D0EEC004E6BDB /* JYHistoryTableViewCell.h */,
				18609BA4222D0EEC004E6BDB /* JYHistoryTableViewCell.m */,
				18609BA6222D0F36004E6BDB /* JYTitleTableViewCell.h */,
				18609BA7222D0F36004E6BDB /* JYTitleTableViewCell.m */,
				18609BA9222D0F4D004E6BDB /* JYTeacherSayTableViewCell.h */,
				18609BAA222D0F4D004E6BDB /* JYTeacherSayTableViewCell.m */,
				18609BAC222D0F5F004E6BDB /* JYZxWayTableViewCell.h */,
				18609BAD222D0F5F004E6BDB /* JYZxWayTableViewCell.m */,
				18609BAF222D0FEC004E6BDB /* JYCommentTableViewCell.h */,
				18609BB0222D0FEC004E6BDB /* JYCommentTableViewCell.m */,
				18609BB6222D2C33004E6BDB /* JYImgTableViewCell.h */,
				18609BB7222D2C33004E6BDB /* JYImgTableViewCell.m */,
				184B4953222E43710072BBAF /* JYHtmlTableViewCell.h */,
				184B4954222E43710072BBAF /* JYHtmlTableViewCell.m */,
				184B495C222E56310072BBAF /* JYTeacherListTableViewCell.h */,
				184B495D222E56310072BBAF /* JYTeacherListTableViewCell.m */,
				184B4965222E6C760072BBAF /* JYSoonAskTableViewCell.h */,
				184B4966222E6C760072BBAF /* JYSoonAskTableViewCell.m */,
				184B4968222E6DCD0072BBAF /* JYSearchTipTableViewCell.h */,
				184B4969222E6DCD0072BBAF /* JYSearchTipTableViewCell.m */,
				184B496B222E6E090072BBAF /* JYSearchTypeTableViewCell.h */,
				184B496C222E6E090072BBAF /* JYSearchTypeTableViewCell.m */,
			);
			path = Cell;
			sourceTree = "<group>";
		};
		18FC9DCD21A55DF300FC6544 = {
			isa = PBXGroup;
			children = (
				18FC9DD821A55DF300FC6544 /* TestVCDemoPT */,
				18FC9DD721A55DF300FC6544 /* Products */,
				53C9DBBD49374F5F6C4B21F1 /* Pods */,
				BCBDFB4FEFD77FA8B78FDAB4 /* Frameworks */,
			);
			sourceTree = "<group>";
		};
		18FC9DD721A55DF300FC6544 /* Products */ = {
			isa = PBXGroup;
			children = (
				18FC9DD621A55DF300FC6544 /* TestVCDemoPT.app */,
			);
			name = Products;
			sourceTree = "<group>";
		};
		18FC9DD821A55DF300FC6544 /* TestVCDemoPT */ = {
			isa = PBXGroup;
			children = (
				18609B91222D0B17004E6BDB /* CustomView */,
				18609B77222CD646004E6BDB /* Model */,
				18609B76222CD634004E6BDB /* ViewModel */,
				18609B50222CC1DB004E6BDB /* Image */,
				182CAF8A2203E732004B64F3 /* Animation */,
				1813CF002202E1FE0081B1AB /* Login */,
				18FC9E8D21A5659000FC6544 /* TestVC */,
				18FC9DEF21A55E1C00FC6544 /* Base */,
				18FC9DD921A55DF300FC6544 /* AppDelegate.h */,
				18FC9DDA21A55DF300FC6544 /* AppDelegate.m */,
				18FC9DDC21A55DF300FC6544 /* ViewController.h */,
				18FC9DDD21A55DF300FC6544 /* ViewController.m */,
				18FC9DDF21A55DF300FC6544 /* Main.storyboard */,
				18FC9DE221A55DF600FC6544 /* Assets.xcassets */,
				18FC9DE421A55DF600FC6544 /* LaunchScreen.storyboard */,
				18FC9DE721A55DF600FC6544 /* Info.plist */,
				18FC9DE821A55DF600FC6544 /* main.m */,
				18FC9E5D21A55FC300FC6544 /* VCManager.h */,
				18FC9E5E21A55FC300FC6544 /* VCManager.m */,
				18FC9E8E21A567FF00FC6544 /* Images.xcassets */,
			);
			path = TestVCDemoPT;
			sourceTree = "<group>";
		};
		18FC9DEF21A55E1C00FC6544 /* Base */ = {
			isa = PBXGroup;
			children = (
				18FC9DF521A55E1C00FC6544 /* BSUtility.h */,
				18FC9E3621A55E1C00FC6544 /* BSUtility.m */,
				18FC9E2F21A55E1C00FC6544 /* colors.h */,
				18FC9E2A21A55E1C00FC6544 /* DDExDialogView.h */,
				18FC9E3A21A55E1C00FC6544 /* DDExDialogView.m */,
				18FC9E3121A55E1C00FC6544 /* DDExNoDataView.h */,
				18FC9DF321A55E1C00FC6544 /* DDExNoDataView.m */,
				18FC9E3521A55E1C00FC6544 /* DDRequestManager.h */,
				18FC9DF621A55E1C00FC6544 /* DDRequestManager.m */,
				18FC9E2C21A55E1C00FC6544 /* DDScrollView.h */,
				18FC9E3821A55E1C00FC6544 /* DDScrollView.m */,
				18FC9E3021A55E1C00FC6544 /* JYAbstractTableViewCell.h */,
				18FC9E3B21A55E1C00FC6544 /* JYAbstractTableViewCell.m */,
				18FC9E3421A55E1C00FC6544 /* JYBaseTabBarController.h */,
				18FC9DF121A55E1C00FC6544 /* JYBaseTabBarController.m */,
				18FC9E3C21A55E1C00FC6544 /* JYBaseViewModel.h */,
				18FC9E2E21A55E1C00FC6544 /* JYBaseViewModel.m */,
				18FC9E2B21A55E1C00FC6544 /* TabViewControllerManager.h */,
				18FC9E3921A55E1C00FC6544 /* TabViewControllerManager.m */,
				18FC9E3721A55E1C00FC6544 /* UIView+JYExFrame.h */,
				18FC9E2D21A55E1C00FC6544 /* UIView+JYExFrame.m */,
				1838163B2227BB7000FD89E0 /* UIButton+JYStyle.h */,
				1838163E2227BB7100FD89E0 /* UIButton+JYStyle.m */,
				1838163C2227BB7000FD89E0 /* UIView+JYLayerEdit.h */,
				1838163D2227BB7000FD89E0 /* UIView+JYLayerEdit.m */,
				183816412227C10600FD89E0 /* UILabel+JYStyle.h */,
				183816422227C10600FD89E0 /* UILabel+JYStyle.m */,
				183816442227C8E400FD89E0 /* UIView+JYStyle.h */,
				183816452227C8E400FD89E0 /* UIView+JYStyle.m */,
				184D70172230B9F30050A01D /* TestDataManager */,
				18FC9DF721A55E1C00FC6544 /* Util */,
				18609B73222CC3A3004E6BDB /* JYPointView.h */,
				18609B74222CC3A3004E6BDB /* JYPointView.m */,
				18609B8B222CFDF7004E6BDB /* UIImage+JYEdit.h */,
				18609B8C222CFDF7004E6BDB /* UIImage+JYEdit.m */,
				185280BD222F794E006DE84A /* NSString+JYTool.h */,
				185280BE222F794E006DE84A /* NSString+JYTool.m */,
				185280C3222FC486006DE84A /* UITableView+JYTool.h */,
				185280C4222FC486006DE84A /* UITableView+JYTool.m */,
				182CF57E2237ADCF0000E5BD /* NSMutableAttributedString+JYTool.h */,
				182CF57F2237ADCF0000E5BD /* NSMutableAttributedString+JYTool.m */,
				182CF5812237B0860000E5BD /* UITextView+JYStyle.h */,
				182CF5822237B0860000E5BD /* UITextView+JYStyle.m */,
			);
			path = Base;
			sourceTree = "<group>";
		};
		18FC9DF721A55E1C00FC6544 /* Util */ = {
			isa = PBXGroup;
			children = (
				18FC9DF821A55E1C00FC6544 /* UILabel */,
				18FC9E0A21A55E1C00FC6544 /* uiview */,
				18FC9E0F21A55E1C00FC6544 /* timer */,
				18FC9E1221A55E1C00FC6544 /* UITextview */,
				18FC9E1521A55E1C00FC6544 /* macros */,
				18FC9E1A21A55E1C00FC6544 /* Nsstring */,
				18FC9E2421A55E1C00FC6544 /* UITextfield */,
				18FC9E2721A55E1C00FC6544 /* Tool */,
			);
			path = Util;
			sourceTree = "<group>";
		};
		18FC9DF821A55E1C00FC6544 /* UILabel */ = {
			isa = PBXGroup;
			children = (
				18FC9DF921A55E1C00FC6544 /* customLabel.h */,
				18FC9DFA21A55E1C00FC6544 /* customLabel.m */,
			);
			path = UILabel;
			sourceTree = "<group>";
		};
		18FC9E0A21A55E1C00FC6544 /* uiview */ = {
			isa = PBXGroup;
			children = (
				18FC9E0B21A55E1C00FC6544 /* UIView+shotMethod.h */,
				18FC9E0C21A55E1C00FC6544 /* UIView+cornerRadius.h */,
				18FC9E0D21A55E1C00FC6544 /* UIView+shotMethod.m */,
				18FC9E0E21A55E1C00FC6544 /* UIView+cornerRadius.m */,
			);
			path = uiview;
			sourceTree = "<group>";
		};
		18FC9E0F21A55E1C00FC6544 /* timer */ = {
			isa = PBXGroup;
			children = (
				18FC9E1021A55E1C00FC6544 /* NSTimer+block.m */,
				18FC9E1121A55E1C00FC6544 /* NSTimer+block.h */,
			);
			path = timer;
			sourceTree = "<group>";
		};
		18FC9E1221A55E1C00FC6544 /* UITextview */ = {
			isa = PBXGroup;
			children = (
				18FC9E1321A55E1C00FC6544 /* UITextView+placeHolder.m */,
				18FC9E1421A55E1C00FC6544 /* UITextView+placeHolder.h */,
			);
			path = UITextview;
			sourceTree = "<group>";
		};
		18FC9E1521A55E1C00FC6544 /* macros */ = {
			isa = PBXGroup;
			children = (
				18FC9E1621A55E1C00FC6544 /* Header.h */,
				18FC9E1721A55E1C00FC6544 /* Api.h */,
				18FC9E1821A55E1C00FC6544 /* Macros.h */,
				18FC9E1921A55E1C00FC6544 /* ThirdMacros.h */,
			);
			path = macros;
			sourceTree = "<group>";
		};
		18FC9E1A21A55E1C00FC6544 /* Nsstring */ = {
			isa = PBXGroup;
			children = (
				18FC9E1B21A55E1C00FC6544 /* NSString+AttributedString.h */,
				18FC9E1C21A55E1C00FC6544 /* NSString+MD5.h */,
				18FC9E1D21A55E1C00FC6544 /* NSString+AttributedString.m */,
				18FC9E1E21A55E1C00FC6544 /* NSString+MD5.m */,
			);
			path = Nsstring;
			sourceTree = "<group>";
		};
		18FC9E2421A55E1C00FC6544 /* UITextfield */ = {
			isa = PBXGroup;
			children = (
				18FC9E2521A55E1C00FC6544 /* UITextField+NLLimit.m */,
				18FC9E2621A55E1C00FC6544 /* UITextField+NLLimit.h */,
			);
			path = UITextfield;
			sourceTree = "<group>";
		};
		18FC9E2721A55E1C00FC6544 /* Tool */ = {
			isa = PBXGroup;
			children = (
				18FC9E2821A55E1C00FC6544 /* Tools.m */,
				18FC9E2921A55E1C00FC6544 /* Tools.h */,
			);
			path = Tool;
			sourceTree = "<group>";
		};
		18FC9E8D21A5659000FC6544 /* TestVC */ = {
			isa = PBXGroup;
			children = (
				1813CEFD2202E0B00081B1AB /* TestAnimationViewController.h */,
				1813CEFE2202E0B00081B1AB /* TestAnimationViewController.m */,
				1813CF072202F3740081B1AB /* TestView.h */,
				1813CF082202F3740081B1AB /* TestView.m */,
				185D2B89222518890097AE18 /* JYTeacherInfoViewController.h */,
				185D2B8A222518890097AE18 /* JYTeacherInfoViewController.m */,
				184B4946222E20180072BBAF /* JYTeacherHistoryViewController.h */,
				184B4947222E20180072BBAF /* JYTeacherHistoryViewController.m */,
				184B4949222E244C0072BBAF /* JYCommentListViewController.h */,
				184B494A222E244C0072BBAF /* JYCommentListViewController.m */,
				184B4956222E50D20072BBAF /* JYTeacherListViewController.h */,
				184B4957222E50D20072BBAF /* JYTeacherListViewController.m */,
				184B4962222E6A2D0072BBAF /* JYSearchZxViewController.h */,
				184B4963222E6A2D0072BBAF /* JYSearchZxViewController.m */,
				184B4971222E7AB80072BBAF /* JYNoZxViewController.h */,
				184B4972222E7AB80072BBAF /* JYNoZxViewController.m */,
				182CF5842237B1D70000E5BD /* TestTextViewViewController.h */,
				182CF5852237B1D70000E5BD /* TestTextViewViewController.m */,
			);
			path = TestVC;
			sourceTree = "<group>";
		};
		53C9DBBD49374F5F6C4B21F1 /* Pods */ = {
			isa = PBXGroup;
			children = (
				F597D3DB258E0755C610A65E /* Pods-TestVCDemoPT.debug.xcconfig */,
				F57995C4ACF191304F10C859 /* Pods-TestVCDemoPT.release.xcconfig */,
			);
			path = Pods;
			sourceTree = "<group>";
		};
		BCBDFB4FEFD77FA8B78FDAB4 /* Frameworks */ = {
			isa = PBXGroup;
			children = (
				6035A9F3F196F49D4D17A13C /* libPods-TestVCDemoPT.a */,
			);
			name = Frameworks;
			sourceTree = "<group>";
		};
/* End PBXGroup section */

/* Begin PBXNativeTarget section */
		18FC9DD521A55DF300FC6544 /* TestVCDemoPT */ = {
			isa = PBXNativeTarget;
			buildConfigurationList = 18FC9DEC21A55DF600FC6544 /* Build configuration list for PBXNativeTarget "TestVCDemoPT" */;
			buildPhases = (
				5DA8FF75AEA096D72883AEB5 /* [CP] Check Pods Manifest.lock */,
				18FC9DD221A55DF300FC6544 /* Sources */,
				18FC9DD321A55DF300FC6544 /* Frameworks */,
				18FC9DD421A55DF300FC6544 /* Resources */,
				7668D8AC3948E5B2504B6DE8 /* [CP] Copy Pods Resources */,
			);
			buildRules = (
			);
			dependencies = (
			);
			name = TestVCDemoPT;
			productName = TestVCDemoPT;
			productReference = 18FC9DD621A55DF300FC6544 /* TestVCDemoPT.app */;
			productType = "com.apple.product-type.application";
		};
/* End PBXNativeTarget section */

/* Begin PBXProject section */
		18FC9DCE21A55DF300FC6544 /* Project object */ = {
			isa = PBXProject;
			attributes = {
				LastUpgradeCheck = 1000;
				ORGANIZATIONNAME = wjy;
				TargetAttributes = {
					18FC9DD521A55DF300FC6544 = {
						CreatedOnToolsVersion = 10.0;
					};
				};
			};
			buildConfigurationList = 18FC9DD121A55DF300FC6544 /* Build configuration list for PBXProject "TestVCDemoPT" */;
			compatibilityVersion = "Xcode 9.3";
			developmentRegion = en;
			hasScannedForEncodings = 0;
			knownRegions = (
				en,
				Base,
			);
			mainGroup = 18FC9DCD21A55DF300FC6544;
			productRefGroup = 18FC9DD721A55DF300FC6544 /* Products */;
			projectDirPath = "";
			projectRoot = "";
			targets = (
				18FC9DD521A55DF300FC6544 /* TestVCDemoPT */,
			);
		};
/* End PBXProject section */

/* Begin PBXResourcesBuildPhase section */
		18FC9DD421A55DF300FC6544 /* Resources */ = {
			isa = PBXResourcesBuildPhase;
			buildActionMask = 2147483647;
			files = (
				18609B8A222CF9B6004E6BDB /* 返回-视频文章@3x.png in Resources */,
				18609BB5222D1240004E6BDB /* 查看更多箭头@2x.png in Resources */,
				18FC9DE621A55DF600FC6544 /* LaunchScreen.storyboard in Resources */,
				18609B6B222CC2D2004E6BDB /* 表情@2x.png in Resources */,
				18609B5B222CC2A5004E6BDB /* 暂无咨询图片@2x.png in Resources */,
				18609B83222CD97A004E6BDB /* 分享-黑色-视频文章@3x.png in Resources */,
				18FC9E8F21A567FF00FC6544 /* Images.xcassets in Resources */,
				18609B69222CC2D2004E6BDB /* 咨询方式@3x.png in Resources */,
				18FC9DE321A55DF600FC6544 /* Assets.xcassets in Resources */,
				18609B6E222CC2D2004E6BDB /* 孩子未来@3x.png in Resources */,
				18609B89222CF9B6004E6BDB /* 返回-视频文章@2x.png in Resources */,
				18609B68222CC2D2004E6BDB /* 选科志愿升学@2x.png in Resources */,
				18609B6A222CC2D2004E6BDB /* 亲子关系@3x.png in Resources */,
				18609B6D222CC2D2004E6BDB /* 亲子关系@2x.png in Resources */,
				18609B5C222CC2A5004E6BDB /* 暂无咨询图片@3x.png in Resources */,
				18609BB4222D1240004E6BDB /* 查看更多箭头@3x.png in Resources */,
				184B4952222E2AC60072BBAF /* 已点赞@3x.png in Resources */,
				184B4951222E2AC60072BBAF /* 已点赞@2x.png in Resources */,
				18609B6C222CC2D2004E6BDB /* 孩子未来@2x.png in Resources */,
				18609B81222CD97A004E6BDB /* 返回-黑-视频文章@2x.png in Resources */,
				18609B71222CC2D2004E6BDB /* 提升成绩@2x.png in Resources */,
				18609B70222CC2D2004E6BDB /* 咨询方式@2x.png in Resources */,
				18609B57222CC1EB004E6BDB /* 客服@3x.png in Resources */,
				18609B82222CD97A004E6BDB /* 返回-黑-视频文章@3x.png in Resources */,
				18609B72222CC2D2004E6BDB /* 选科志愿升学@3x.png in Resources */,
				18609B86222CD97A004E6BDB /* 分享-文章视频@2x.png in Resources */,
				18609B56222CC1EB004E6BDB /* 提问老师@2x.png in Resources */,
				18609B85222CD97A004E6BDB /* 分享-黑色-视频文章@2x.png in Resources */,
				18609B58222CC1EB004E6BDB /* 客服@2x.png in Resources */,
				18609B84222CD97A004E6BDB /* 分享-文章视频@3x.png in Resources */,
				18FC9DE121A55DF300FC6544 /* Main.storyboard in Resources */,
				18609B55222CC1EB004E6BDB /* 提问老师@3x.png in Resources */,
				18609B6F222CC2D2004E6BDB /* 提升成绩@3x.png in Resources */,
			);
			runOnlyForDeploymentPostprocessing = 0;
		};
/* End PBXResourcesBuildPhase section */

/* Begin PBXShellScriptBuildPhase section */
		5DA8FF75AEA096D72883AEB5 /* [CP] Check Pods Manifest.lock */ = {
			isa = PBXShellScriptBuildPhase;
			buildActionMask = 2147483647;
			files = (
			);
			inputFileListPaths = (
			);
			inputPaths = (
				"${PODS_PODFILE_DIR_PATH}/Podfile.lock",
				"${PODS_ROOT}/Manifest.lock",
			);
			name = "[CP] Check Pods Manifest.lock";
			outputFileListPaths = (
			);
			outputPaths = (
				"$(DERIVED_FILE_DIR)/Pods-TestVCDemoPT-checkManifestLockResult.txt",
			);
			runOnlyForDeploymentPostprocessing = 0;
			shellPath = /bin/sh;
			shellScript = "diff \"${PODS_PODFILE_DIR_PATH}/Podfile.lock\" \"${PODS_ROOT}/Manifest.lock\" > /dev/null\nif [ $? != 0 ] ; then\n    # print error to STDERR\n    echo \"error: The sandbox is not in sync with the Podfile.lock. Run 'pod install' or update your CocoaPods installation.\" >&2\n    exit 1\nfi\n# This output is used by Xcode 'outputs' to avoid re-running this script phase.\necho \"SUCCESS\" > \"${SCRIPT_OUTPUT_FILE_0}\"\n";
			showEnvVarsInLog = 0;
		};
		7668D8AC3948E5B2504B6DE8 /* [CP] Copy Pods Resources */ = {
			isa = PBXShellScriptBuildPhase;
			buildActionMask = 2147483647;
			files = (
			);
			inputFileListPaths = (
			);
			inputPaths = (
				"${PODS_ROOT}/Target Support Files/Pods-TestVCDemoPT/Pods-TestVCDemoPT-resources.sh",
				"${PODS_ROOT}/MJRefresh/MJRefresh/MJRefresh.bundle",
				"${PODS_ROOT}/SVProgressHUD/SVProgressHUD/SVProgressHUD.bundle",
			);
			name = "[CP] Copy Pods Resources";
			outputFileListPaths = (
			);
			outputPaths = (
				"${TARGET_BUILD_DIR}/${UNLOCALIZED_RESOURCES_FOLDER_PATH}/MJRefresh.bundle",
				"${TARGET_BUILD_DIR}/${UNLOCALIZED_RESOURCES_FOLDER_PATH}/SVProgressHUD.bundle",
			);
			runOnlyForDeploymentPostprocessing = 0;
			shellPath = /bin/sh;
			shellScript = "\"${PODS_ROOT}/Target Support Files/Pods-TestVCDemoPT/Pods-TestVCDemoPT-resources.sh\"\n";
			showEnvVarsInLog = 0;
		};
/* End PBXShellScriptBuildPhase section */

/* Begin PBXSourcesBuildPhase section */
		18FC9DD221A55DF300FC6544 /* Sources */ = {
			isa = PBXSourcesBuildPhase;
			buildActionMask = 2147483647;
			files = (
				18609B8D222CFDF7004E6BDB /* UIImage+JYEdit.m in Sources */,
				18FC9E4C21A55E1C00FC6544 /* UITextView+placeHolder.m in Sources */,
				182CF5862237B1D70000E5BD /* TestTextViewViewController.m in Sources */,
				18FC9E5221A55E1C00FC6544 /* Tools.m in Sources */,
				184B495B222E549E0072BBAF /* JYTeacherListViewModel.m in Sources */,
				184B4961222E60F30072BBAF /* JYMarkView.m in Sources */,
				1813CF032202E2380081B1AB /* JYLoginManager.m in Sources */,
				183816462227C8E400FD89E0 /* UIView+JYStyle.m in Sources */,
				18FC9E4E21A55E1C00FC6544 /* NSString+MD5.m in Sources */,
				184B495E222E56310072BBAF /* JYTeacherListTableViewCell.m in Sources */,
				184B4948222E20180072BBAF /* JYTeacherHistoryViewController.m in Sources */,
				18FC9E4D21A55E1C00FC6544 /* NSString+AttributedString.m in Sources */,
				18FC9E5321A55E1C00FC6544 /* UIView+JYExFrame.m in Sources */,
				184B494E222E255B0072BBAF /* JYCommentListViewModel.m in Sources */,
				183816402227BB7100FD89E0 /* UIButton+JYStyle.m in Sources */,
				18609BAB222D0F4D004E6BDB /* JYTeacherSayTableViewCell.m in Sources */,
				184B4967222E6C760072BBAF /* JYSoonAskTableViewCell.m in Sources */,
				18FC9DDE21A55DF300FC6544 /* ViewController.m in Sources */,
				183816432227C10600FD89E0 /* UILabel+JYStyle.m in Sources */,
				182CF5832237B0860000E5BD /* UITextView+JYStyle.m in Sources */,
				185280C2222FB9A5006DE84A /* JYCommentModel.m in Sources */,
				18609BB1222D0FEC004E6BDB /* JYCommentTableViewCell.m in Sources */,
				18609B90222D06A7004E6BDB /* JYTeacherInfoModel.m in Sources */,
				184B496A222E6DCD0072BBAF /* JYSearchTipTableViewCell.m in Sources */,
				1838163F2227BB7100FD89E0 /* UIView+JYLayerEdit.m in Sources */,
				182CF5802237ADCF0000E5BD /* NSMutableAttributedString+JYTool.m in Sources */,
				18FC9E4021A55E1C00FC6544 /* DDRequestManager.m in Sources */,
				1813CEFF2202E0B00081B1AB /* TestAnimationViewController.m in Sources */,
				18609BB8222D2C33004E6BDB /* JYImgTableViewCell.m in Sources */,
				18FC9E4121A55E1C00FC6544 /* customLabel.m in Sources */,
				18609BA8222D0F36004E6BDB /* JYTitleTableViewCell.m in Sources */,
				18609BAE222D0F5F004E6BDB /* JYZxWayTableViewCell.m in Sources */,
				18609B99222D0E06004E6BDB /* JYTitleView.m in Sources */,
				18540675223271A10032E06F /* CustomRefreshGifHeader.m in Sources */,
				18FC9E4A21A55E1C00FC6544 /* UIView+cornerRadius.m in Sources */,
				18FC9E5421A55E1C00FC6544 /* JYBaseViewModel.m in Sources */,
				185280BF222F794E006DE84A /* NSString+JYTool.m in Sources */,
				185280BC222F6C07006DE84A /* JYNavView.m in Sources */,
				18FC9E3E21A55E1C00FC6544 /* DDExNoDataView.m in Sources */,
				18FC9E5721A55E1C00FC6544 /* BSUtility.m in Sources */,
				184B4970222E6E480072BBAF /* JYTipView.m in Sources */,
				18FC9E5121A55E1C00FC6544 /* UITextField+NLLimit.m in Sources */,
				18609B75222CC3A3004E6BDB /* JYPointView.m in Sources */,
				184B496D222E6E090072BBAF /* JYSearchTypeTableViewCell.m in Sources */,
				18609BA5222D0EEC004E6BDB /* JYHistoryTableViewCell.m in Sources */,
				184B4955222E43710072BBAF /* JYHtmlTableViewCell.m in Sources */,
				18609B7A222CD668004E6BDB /* JYTeacherInfoViewModel.m in Sources */,
				184D7020223118C60050A01D /* JYSearchZxViewModel.m in Sources */,
				18609B9F222D0EB1004E6BDB /* JYJobTableViewCell.m in Sources */,
				184B4958222E50D20072BBAF /* JYTeacherListViewController.m in Sources */,
				18FC9E5F21A55FC300FC6544 /* VCManager.m in Sources */,
				1813CF092202F3740081B1AB /* TestView.m in Sources */,
				184D701D2230FD060050A01D /* JYBaseModel.m in Sources */,
				18FC9E5921A55E1C00FC6544 /* TabViewControllerManager.m in Sources */,
				184D701A2230B9F30050A01D /* JYTestDataManager.m in Sources */,
				18609BA2222D0EC2004E6BDB /* JYGoodAtTableViewCell.m in Sources */,
				1813CF062202E9AB0081B1AB /* JYUserInfoModel.m in Sources */,
				18609B9C222D0E98004E6BDB /* JYBigTitleTableViewCell.m in Sources */,
				18FC9E3D21A55E1C00FC6544 /* JYBaseTabBarController.m in Sources */,
				185280C5222FC486006DE84A /* UITableView+JYTool.m in Sources */,
				18FC9E5B21A55E1C00FC6544 /* JYAbstractTableViewCell.m in Sources */,
				18609B96222D0CD3004E6BDB /* JYBigTitleView.m in Sources */,
				184B4964222E6A2D0072BBAF /* JYSearchZxViewController.m in Sources */,
				18FC9E4921A55E1C00FC6544 /* UIView+shotMethod.m in Sources */,
				18FC9DE921A55DF600FC6544 /* main.m in Sources */,
				184B494B222E244C0072BBAF /* JYCommentListViewController.m in Sources */,
				18540674223271A10032E06F /* CustomRefreshGifFooter.m in Sources */,
				18FC9DDB21A55DF300FC6544 /* AppDelegate.m in Sources */,
				18FC9E5A21A55E1C00FC6544 /* DDExDialogView.m in Sources */,
				18FC9E4B21A55E1C00FC6544 /* NSTimer+block.m in Sources */,
				185D2B8B222518890097AE18 /* JYTeacherInfoViewController.m in Sources */,
				184D70232231196A0050A01D /* JYTeacherTypeModel.m in Sources */,
				18FC9E5821A55E1C00FC6544 /* DDScrollView.m in Sources */,
				184B4973222E7AB80072BBAF /* JYNoZxViewController.m in Sources */,
			);
			runOnlyForDeploymentPostprocessing = 0;
		};
/* End PBXSourcesBuildPhase section */

/* Begin PBXVariantGroup section */
		18FC9DDF21A55DF300FC6544 /* Main.storyboard */ = {
			isa = PBXVariantGroup;
			children = (
				18FC9DE021A55DF300FC6544 /* Base */,
			);
			name = Main.storyboard;
			sourceTree = "<group>";
		};
		18FC9DE421A55DF600FC6544 /* LaunchScreen.storyboard */ = {
			isa = PBXVariantGroup;
			children = (
				18FC9DE521A55DF600FC6544 /* Base */,
			);
			name = LaunchScreen.storyboard;
			sourceTree = "<group>";
		};
/* End PBXVariantGroup section */

/* Begin XCBuildConfiguration section */
		18FC9DEA21A55DF600FC6544 /* Debug */ = {
			isa = XCBuildConfiguration;
			buildSettings = {
				ALWAYS_SEARCH_USER_PATHS = NO;
				CLANG_ANALYZER_NONNULL = YES;
				CLANG_ANALYZER_NUMBER_OBJECT_CONVERSION = YES_AGGRESSIVE;
				CLANG_CXX_LANGUAGE_STANDARD = "gnu++14";
				CLANG_CXX_LIBRARY = "libc++";
				CLANG_ENABLE_MODULES = YES;
				CLANG_ENABLE_OBJC_ARC = YES;
				CLANG_ENABLE_OBJC_WEAK = YES;
				CLANG_WARN_BLOCK_CAPTURE_AUTORELEASING = YES;
				CLANG_WARN_BOOL_CONVERSION = YES;
				CLANG_WARN_COMMA = YES;
				CLANG_WARN_CONSTANT_CONVERSION = YES;
				CLANG_WARN_DEPRECATED_OBJC_IMPLEMENTATIONS = YES;
				CLANG_WARN_DIRECT_OBJC_ISA_USAGE = YES_ERROR;
				CLANG_WARN_DOCUMENTATION_COMMENTS = YES;
				CLANG_WARN_EMPTY_BODY = YES;
				CLANG_WARN_ENUM_CONVERSION = YES;
				CLANG_WARN_INFINITE_RECURSION = YES;
				CLANG_WARN_INT_CONVERSION = YES;
				CLANG_WARN_NON_LITERAL_NULL_CONVERSION = YES;
				CLANG_WARN_OBJC_IMPLICIT_RETAIN_SELF = YES;
				CLANG_WARN_OBJC_LITERAL_CONVERSION = YES;
				CLANG_WARN_OBJC_ROOT_CLASS = YES_ERROR;
				CLANG_WARN_RANGE_LOOP_ANALYSIS = YES;
				CLANG_WARN_STRICT_PROTOTYPES = YES;
				CLANG_WARN_SUSPICIOUS_MOVE = YES;
				CLANG_WARN_UNGUARDED_AVAILABILITY = YES_AGGRESSIVE;
				CLANG_WARN_UNREACHABLE_CODE = YES;
				CLANG_WARN__DUPLICATE_METHOD_MATCH = YES;
				CODE_SIGN_IDENTITY = "iPhone Developer";
				COPY_PHASE_STRIP = NO;
				DEBUG_INFORMATION_FORMAT = dwarf;
				ENABLE_STRICT_OBJC_MSGSEND = YES;
				ENABLE_TESTABILITY = YES;
				GCC_C_LANGUAGE_STANDARD = gnu11;
				GCC_DYNAMIC_NO_PIC = NO;
				GCC_NO_COMMON_BLOCKS = YES;
				GCC_OPTIMIZATION_LEVEL = 0;
				GCC_PREPROCESSOR_DEFINITIONS = (
					"DEBUG=1",
					"$(inherited)",
				);
				GCC_WARN_64_TO_32_BIT_CONVERSION = YES;
				GCC_WARN_ABOUT_RETURN_TYPE = YES_ERROR;
				GCC_WARN_UNDECLARED_SELECTOR = YES;
				GCC_WARN_UNINITIALIZED_AUTOS = YES_AGGRESSIVE;
				GCC_WARN_UNUSED_FUNCTION = YES;
				GCC_WARN_UNUSED_VARIABLE = YES;
				IPHONEOS_DEPLOYMENT_TARGET = 12.0;
				MTL_ENABLE_DEBUG_INFO = INCLUDE_SOURCE;
				MTL_FAST_MATH = YES;
				ONLY_ACTIVE_ARCH = YES;
				SDKROOT = iphoneos;
			};
			name = Debug;
		};
		18FC9DEB21A55DF600FC6544 /* Release */ = {
			isa = XCBuildConfiguration;
			buildSettings = {
				ALWAYS_SEARCH_USER_PATHS = NO;
				CLANG_ANALYZER_NONNULL = YES;
				CLANG_ANALYZER_NUMBER_OBJECT_CONVERSION = YES_AGGRESSIVE;
				CLANG_CXX_LANGUAGE_STANDARD = "gnu++14";
				CLANG_CXX_LIBRARY = "libc++";
				CLANG_ENABLE_MODULES = YES;
				CLANG_ENABLE_OBJC_ARC = YES;
				CLANG_ENABLE_OBJC_WEAK = YES;
				CLANG_WARN_BLOCK_CAPTURE_AUTORELEASING = YES;
				CLANG_WARN_BOOL_CONVERSION = YES;
				CLANG_WARN_COMMA = YES;
				CLANG_WARN_CONSTANT_CONVERSION = YES;
				CLANG_WARN_DEPRECATED_OBJC_IMPLEMENTATIONS = YES;
				CLANG_WARN_DIRECT_OBJC_ISA_USAGE = YES_ERROR;
				CLANG_WARN_DOCUMENTATION_COMMENTS = YES;
				CLANG_WARN_EMPTY_BODY = YES;
				CLANG_WARN_ENUM_CONVERSION = YES;
				CLANG_WARN_INFINITE_RECURSION = YES;
				CLANG_WARN_INT_CONVERSION = YES;
				CLANG_WARN_NON_LITERAL_NULL_CONVERSION = YES;
				CLANG_WARN_OBJC_IMPLICIT_RETAIN_SELF = YES;
				CLANG_WARN_OBJC_LITERAL_CONVERSION = YES;
				CLANG_WARN_OBJC_ROOT_CLASS = YES_ERROR;
				CLANG_WARN_RANGE_LOOP_ANALYSIS = YES;
				CLANG_WARN_STRICT_PROTOTYPES = YES;
				CLANG_WARN_SUSPICIOUS_MOVE = YES;
				CLANG_WARN_UNGUARDED_AVAILABILITY = YES_AGGRESSIVE;
				CLANG_WARN_UNREACHABLE_CODE = YES;
				CLANG_WARN__DUPLICATE_METHOD_MATCH = YES;
				CODE_SIGN_IDENTITY = "iPhone Developer";
				COPY_PHASE_STRIP = NO;
				DEBUG_INFORMATION_FORMAT = "dwarf-with-dsym";
				ENABLE_NS_ASSERTIONS = NO;
				ENABLE_STRICT_OBJC_MSGSEND = YES;
				GCC_C_LANGUAGE_STANDARD = gnu11;
				GCC_NO_COMMON_BLOCKS = YES;
				GCC_WARN_64_TO_32_BIT_CONVERSION = YES;
				GCC_WARN_ABOUT_RETURN_TYPE = YES_ERROR;
				GCC_WARN_UNDECLARED_SELECTOR = YES;
				GCC_WARN_UNINITIALIZED_AUTOS = YES_AGGRESSIVE;
				GCC_WARN_UNUSED_FUNCTION = YES;
				GCC_WARN_UNUSED_VARIABLE = YES;
				IPHONEOS_DEPLOYMENT_TARGET = 12.0;
				MTL_ENABLE_DEBUG_INFO = NO;
				MTL_FAST_MATH = YES;
				SDKROOT = iphoneos;
				VALIDATE_PRODUCT = YES;
			};
			name = Release;
		};
		18FC9DED21A55DF600FC6544 /* Debug */ = {
			isa = XCBuildConfiguration;
			baseConfigurationReference = F597D3DB258E0755C610A65E /* Pods-TestVCDemoPT.debug.xcconfig */;
			buildSettings = {
				ASSETCATALOG_COMPILER_APPICON_NAME = AppIcon;
				ASSETCATALOG_COMPILER_LAUNCHIMAGE_NAME = LaunchImage;
				CODE_SIGN_STYLE = Automatic;
				DEVELOPMENT_TEAM = YDMR8ARQ28;
				GCC_PREFIX_HEADER = "$(SRCROOT)/TestVCDemoPT/JnjyPrefixHeader.pch";
				INFOPLIST_FILE = TestVCDemoPT/Info.plist;
				IPHONEOS_DEPLOYMENT_TARGET = 9.0;
				LD_RUNPATH_SEARCH_PATHS = (
					"$(inherited)",
					"@executable_path/Frameworks",
				);
				PRODUCT_BUNDLE_IDENTIFIER = wjy.TestVCDemoPT;
				PRODUCT_NAME = "$(TARGET_NAME)";
				TARGETED_DEVICE_FAMILY = 1;
			};
			name = Debug;
		};
		18FC9DEE21A55DF600FC6544 /* Release */ = {
			isa = XCBuildConfiguration;
			baseConfigurationReference = F57995C4ACF191304F10C859 /* Pods-TestVCDemoPT.release.xcconfig */;
			buildSettings = {
				ASSETCATALOG_COMPILER_APPICON_NAME = AppIcon;
				ASSETCATALOG_COMPILER_LAUNCHIMAGE_NAME = LaunchImage;
				CODE_SIGN_STYLE = Automatic;
				DEVELOPMENT_TEAM = YDMR8ARQ28;
				GCC_PREFIX_HEADER = "$(SRCROOT)/TestVCDemoPT/JnjyPrefixHeader.pch";
				INFOPLIST_FILE = TestVCDemoPT/Info.plist;
				IPHONEOS_DEPLOYMENT_TARGET = 9.0;
				LD_RUNPATH_SEARCH_PATHS = (
					"$(inherited)",
					"@executable_path/Frameworks",
				);
				PRODUCT_BUNDLE_IDENTIFIER = wjy.TestVCDemoPT;
				PRODUCT_NAME = "$(TARGET_NAME)";
				TARGETED_DEVICE_FAMILY = 1;
			};
			name = Release;
		};
/* End XCBuildConfiguration section */

/* Begin XCConfigurationList section */
		18FC9DD121A55DF300FC6544 /* Build configuration list for PBXProject "TestVCDemoPT" */ = {
			isa = XCConfigurationList;
			buildConfigurations = (
				18FC9DEA21A55DF600FC6544 /* Debug */,
				18FC9DEB21A55DF600FC6544 /* Release */,
			);
			defaultConfigurationIsVisible = 0;
			defaultConfigurationName = Release;
		};
		18FC9DEC21A55DF600FC6544 /* Build configuration list for PBXNativeTarget "TestVCDemoPT" */ = {
			isa = XCConfigurationList;
			buildConfigurations = (
				18FC9DED21A55DF600FC6544 /* Debug */,
				18FC9DEE21A55DF600FC6544 /* Release */,
			);
			defaultConfigurationIsVisible = 0;
			defaultConfigurationName = Release;
		};
/* End XCConfigurationList section */
	};
	rootObject = 18FC9DCE21A55DF300FC6544 /* Project object */;
}
